// !$*UTF8*$!
{
	archiveVersion = 1;
	classes = {
	};
	objectVersion = 46;
	objects = {

/* Begin PBXBuildFile section */
		60F60723972D55A758157C1A /* Pods_PXGoogleDirectionsSample.framework in Frameworks */ = {isa = PBXBuildFile; fileRef = 3225BF5079705D45C0D54DDE /* Pods_PXGoogleDirectionsSample.framework */; };
		7AC08E901D300D6700F06B44 /* GoogleAPIKeyProvider.swift in Sources */ = {isa = PBXBuildFile; fileRef = 7AC08E8F1D300D6700F06B44 /* GoogleAPIKeyProvider.swift */; };
		7AC37A3B1DDC397200E03E4E /* GoogleMaps.framework in Frameworks */ = {isa = PBXBuildFile; fileRef = 7AC37A381DDC397200E03E4E /* GoogleMaps.framework */; };
		7AC37A3C1DDC397200E03E4E /* GoogleMapsBase.framework in Frameworks */ = {isa = PBXBuildFile; fileRef = 7AC37A391DDC397200E03E4E /* GoogleMapsBase.framework */; };
		7AC37A3D1DDC397200E03E4E /* GoogleMapsCore.framework in Frameworks */ = {isa = PBXBuildFile; fileRef = 7AC37A3A1DDC397200E03E4E /* GoogleMapsCore.framework */; };
		7AC68B621D300D0400B81C70 /* AppDelegate.swift in Sources */ = {isa = PBXBuildFile; fileRef = 7AC68B611D300D0400B81C70 /* AppDelegate.swift */; };
		7AC68B671D300D0400B81C70 /* Main.storyboard in Resources */ = {isa = PBXBuildFile; fileRef = 7AC68B651D300D0400B81C70 /* Main.storyboard */; };
		7AC68B691D300D0400B81C70 /* Assets.xcassets in Resources */ = {isa = PBXBuildFile; fileRef = 7AC68B681D300D0400B81C70 /* Assets.xcassets */; };
		7ACF3E991D427CCF00830BD6 /* CoreText.framework in Frameworks */ = {isa = PBXBuildFile; fileRef = 7ACF3E981D427CCF00830BD6 /* CoreText.framework */; };
		7ACF3E9B1D427CD400830BD6 /* CoreGraphics.framework in Frameworks */ = {isa = PBXBuildFile; fileRef = 7ACF3E9A1D427CD400830BD6 /* CoreGraphics.framework */; };
		7ACF3EAA1D427D1F00830BD6 /* Accelerate.framework in Frameworks */ = {isa = PBXBuildFile; fileRef = 7ACF3E9C1D427D1F00830BD6 /* Accelerate.framework */; };
		7ACF3EAB1D427D1F00830BD6 /* AVFoundation.framework in Frameworks */ = {isa = PBXBuildFile; fileRef = 7ACF3E9D1D427D1F00830BD6 /* AVFoundation.framework */; };
		7ACF3EAC1D427D1F00830BD6 /* CoreBluetooth.framework in Frameworks */ = {isa = PBXBuildFile; fileRef = 7ACF3E9E1D427D1F00830BD6 /* CoreBluetooth.framework */; };
		7ACF3EAD1D427D1F00830BD6 /* CoreData.framework in Frameworks */ = {isa = PBXBuildFile; fileRef = 7ACF3E9F1D427D1F00830BD6 /* CoreData.framework */; };
		7ACF3EAE1D427D1F00830BD6 /* CoreLocation.framework in Frameworks */ = {isa = PBXBuildFile; fileRef = 7ACF3EA01D427D1F00830BD6 /* CoreLocation.framework */; };
		7ACF3EAF1D427D1F00830BD6 /* GLKit.framework in Frameworks */ = {isa = PBXBuildFile; fileRef = 7ACF3EA11D427D1F00830BD6 /* GLKit.framework */; };
		7ACF3EB01D427D1F00830BD6 /* ImageIO.framework in Frameworks */ = {isa = PBXBuildFile; fileRef = 7ACF3EA21D427D1F00830BD6 /* ImageIO.framework */; };
		7ACF3EB11D427D1F00830BD6 /* libc++.tbd in Frameworks */ = {isa = PBXBuildFile; fileRef = 7ACF3EA31D427D1F00830BD6 /* libc++.tbd */; };
		7ACF3EB21D427D1F00830BD6 /* libicucore.tbd in Frameworks */ = {isa = PBXBuildFile; fileRef = 7ACF3EA41D427D1F00830BD6 /* libicucore.tbd */; };
		7ACF3EB31D427D1F00830BD6 /* libz.tbd in Frameworks */ = {isa = PBXBuildFile; fileRef = 7ACF3EA51D427D1F00830BD6 /* libz.tbd */; };
		7ACF3EB41D427D1F00830BD6 /* OpenGLES.framework in Frameworks */ = {isa = PBXBuildFile; fileRef = 7ACF3EA61D427D1F00830BD6 /* OpenGLES.framework */; };
		7ACF3EB51D427D1F00830BD6 /* QuartzCore.framework in Frameworks */ = {isa = PBXBuildFile; fileRef = 7ACF3EA71D427D1F00830BD6 /* QuartzCore.framework */; };
		7ACF3EB61D427D1F00830BD6 /* Security.framework in Frameworks */ = {isa = PBXBuildFile; fileRef = 7ACF3EA81D427D1F00830BD6 /* Security.framework */; };
		7ACF3EB71D427D1F00830BD6 /* SystemConfiguration.framework in Frameworks */ = {isa = PBXBuildFile; fileRef = 7ACF3EA91D427D1F00830BD6 /* SystemConfiguration.framework */; };
		7ACF3EBB1D427D7300830BD6 /* MainViewController.swift in Sources */ = {isa = PBXBuildFile; fileRef = 7ACF3EB81D427D7300830BD6 /* MainViewController.swift */; };
		7ACF3EBC1D427D7300830BD6 /* ResultsViewController.swift in Sources */ = {isa = PBXBuildFile; fileRef = 7ACF3EB91D427D7300830BD6 /* ResultsViewController.swift */; };
		7ACF3EBD1D427D7300830BD6 /* WaypointViewController.swift in Sources */ = {isa = PBXBuildFile; fileRef = 7ACF3EBA1D427D7300830BD6 /* WaypointViewController.swift */; };
		7ACF3EC01D427DA100830BD6 /* LaunchScreen.xib in Resources */ = {isa = PBXBuildFile; fileRef = 7ACF3EBE1D427DA100830BD6 /* LaunchScreen.xib */; };
/* End PBXBuildFile section */

/* Begin PBXFileReference section */
		3225BF5079705D45C0D54DDE /* Pods_PXGoogleDirectionsSample.framework */ = {isa = PBXFileReference; explicitFileType = wrapper.framework; includeInIndex = 0; path = Pods_PXGoogleDirectionsSample.framework; sourceTree = BUILT_PRODUCTS_DIR; };
		7AC08E8F1D300D6700F06B44 /* GoogleAPIKeyProvider.swift */ = {isa = PBXFileReference; fileEncoding = 4; lastKnownFileType = sourcecode.swift; name = GoogleAPIKeyProvider.swift; path = Private/GoogleAPIKeyProvider.swift; sourceTree = SOURCE_ROOT; };
		7AC37A381DDC397200E03E4E /* GoogleMaps.framework */ = {isa = PBXFileReference; lastKnownFileType = wrapper.framework; name = GoogleMaps.framework; path = Pods/PXGoogleDirections/Dependencies/GoogleMaps.framework; sourceTree = "<group>"; };
		7AC37A391DDC397200E03E4E /* GoogleMapsBase.framework */ = {isa = PBXFileReference; lastKnownFileType = wrapper.framework; name = GoogleMapsBase.framework; path = Pods/PXGoogleDirections/Dependencies/GoogleMapsBase.framework; sourceTree = "<group>"; };
		7AC37A3A1DDC397200E03E4E /* GoogleMapsCore.framework */ = {isa = PBXFileReference; lastKnownFileType = wrapper.framework; name = GoogleMapsCore.framework; path = Pods/PXGoogleDirections/Dependencies/GoogleMapsCore.framework; sourceTree = "<group>"; };
		7AC68B5E1D300D0300B81C70 /* PXGoogleDirectionsSample.app */ = {isa = PBXFileReference; explicitFileType = wrapper.application; includeInIndex = 0; path = PXGoogleDirectionsSample.app; sourceTree = BUILT_PRODUCTS_DIR; };
		7AC68B611D300D0400B81C70 /* AppDelegate.swift */ = {isa = PBXFileReference; lastKnownFileType = sourcecode.swift; path = AppDelegate.swift; sourceTree = "<group>"; };
		7AC68B661D300D0400B81C70 /* Base */ = {isa = PBXFileReference; lastKnownFileType = file.storyboard; name = Base; path = Base.lproj/Main.storyboard; sourceTree = "<group>"; };
		7AC68B681D300D0400B81C70 /* Assets.xcassets */ = {isa = PBXFileReference; lastKnownFileType = folder.assetcatalog; path = Assets.xcassets; sourceTree = "<group>"; };
		7AC68B6D1D300D0400B81C70 /* Info.plist */ = {isa = PBXFileReference; lastKnownFileType = text.plist.xml; path = Info.plist; sourceTree = "<group>"; };
		7ACF3E981D427CCF00830BD6 /* CoreText.framework */ = {isa = PBXFileReference; lastKnownFileType = wrapper.framework; name = CoreText.framework; path = System/Library/Frameworks/CoreText.framework; sourceTree = SDKROOT; };
		7ACF3E9A1D427CD400830BD6 /* CoreGraphics.framework */ = {isa = PBXFileReference; lastKnownFileType = wrapper.framework; name = CoreGraphics.framework; path = System/Library/Frameworks/CoreGraphics.framework; sourceTree = SDKROOT; };
		7ACF3E9C1D427D1F00830BD6 /* Accelerate.framework */ = {isa = PBXFileReference; lastKnownFileType = wrapper.framework; name = Accelerate.framework; path = System/Library/Frameworks/Accelerate.framework; sourceTree = SDKROOT; };
		7ACF3E9D1D427D1F00830BD6 /* AVFoundation.framework */ = {isa = PBXFileReference; lastKnownFileType = wrapper.framework; name = AVFoundation.framework; path = System/Library/Frameworks/AVFoundation.framework; sourceTree = SDKROOT; };
		7ACF3E9E1D427D1F00830BD6 /* CoreBluetooth.framework */ = {isa = PBXFileReference; lastKnownFileType = wrapper.framework; name = CoreBluetooth.framework; path = System/Library/Frameworks/CoreBluetooth.framework; sourceTree = SDKROOT; };
		7ACF3E9F1D427D1F00830BD6 /* CoreData.framework */ = {isa = PBXFileReference; lastKnownFileType = wrapper.framework; name = CoreData.framework; path = System/Library/Frameworks/CoreData.framework; sourceTree = SDKROOT; };
		7ACF3EA01D427D1F00830BD6 /* CoreLocation.framework */ = {isa = PBXFileReference; lastKnownFileType = wrapper.framework; name = CoreLocation.framework; path = System/Library/Frameworks/CoreLocation.framework; sourceTree = SDKROOT; };
		7ACF3EA11D427D1F00830BD6 /* GLKit.framework */ = {isa = PBXFileReference; lastKnownFileType = wrapper.framework; name = GLKit.framework; path = System/Library/Frameworks/GLKit.framework; sourceTree = SDKROOT; };
		7ACF3EA21D427D1F00830BD6 /* ImageIO.framework */ = {isa = PBXFileReference; lastKnownFileType = wrapper.framework; name = ImageIO.framework; path = System/Library/Frameworks/ImageIO.framework; sourceTree = SDKROOT; };
		7ACF3EA31D427D1F00830BD6 /* libc++.tbd */ = {isa = PBXFileReference; lastKnownFileType = "sourcecode.text-based-dylib-definition"; name = "libc++.tbd"; path = "usr/lib/libc++.tbd"; sourceTree = SDKROOT; };
		7ACF3EA41D427D1F00830BD6 /* libicucore.tbd */ = {isa = PBXFileReference; lastKnownFileType = "sourcecode.text-based-dylib-definition"; name = libicucore.tbd; path = usr/lib/libicucore.tbd; sourceTree = SDKROOT; };
		7ACF3EA51D427D1F00830BD6 /* libz.tbd */ = {isa = PBXFileReference; lastKnownFileType = "sourcecode.text-based-dylib-definition"; name = libz.tbd; path = usr/lib/libz.tbd; sourceTree = SDKROOT; };
		7ACF3EA61D427D1F00830BD6 /* OpenGLES.framework */ = {isa = PBXFileReference; lastKnownFileType = wrapper.framework; name = OpenGLES.framework; path = System/Library/Frameworks/OpenGLES.framework; sourceTree = SDKROOT; };
		7ACF3EA71D427D1F00830BD6 /* QuartzCore.framework */ = {isa = PBXFileReference; lastKnownFileType = wrapper.framework; name = QuartzCore.framework; path = System/Library/Frameworks/QuartzCore.framework; sourceTree = SDKROOT; };
		7ACF3EA81D427D1F00830BD6 /* Security.framework */ = {isa = PBXFileReference; lastKnownFileType = wrapper.framework; name = Security.framework; path = System/Library/Frameworks/Security.framework; sourceTree = SDKROOT; };
		7ACF3EA91D427D1F00830BD6 /* SystemConfiguration.framework */ = {isa = PBXFileReference; lastKnownFileType = wrapper.framework; name = SystemConfiguration.framework; path = System/Library/Frameworks/SystemConfiguration.framework; sourceTree = SDKROOT; };
		7ACF3EB81D427D7300830BD6 /* MainViewController.swift */ = {isa = PBXFileReference; fileEncoding = 4; lastKnownFileType = sourcecode.swift; path = MainViewController.swift; sourceTree = "<group>"; };
		7ACF3EB91D427D7300830BD6 /* ResultsViewController.swift */ = {isa = PBXFileReference; fileEncoding = 4; lastKnownFileType = sourcecode.swift; path = ResultsViewController.swift; sourceTree = "<group>"; };
		7ACF3EBA1D427D7300830BD6 /* WaypointViewController.swift */ = {isa = PBXFileReference; fileEncoding = 4; lastKnownFileType = sourcecode.swift; path = WaypointViewController.swift; sourceTree = "<group>"; };
		7ACF3EBF1D427DA100830BD6 /* Base */ = {isa = PBXFileReference; lastKnownFileType = file.xib; name = Base; path = Base.lproj/LaunchScreen.xib; sourceTree = "<group>"; };
		B83B08D12A009BB6BA8E12AD /* Pods-PXGoogleDirectionsSample.release.xcconfig */ = {isa = PBXFileReference; includeInIndex = 1; lastKnownFileType = text.xcconfig; name = "Pods-PXGoogleDirectionsSample.release.xcconfig"; path = "Pods/Target Support Files/Pods-PXGoogleDirectionsSample/Pods-PXGoogleDirectionsSample.release.xcconfig"; sourceTree = "<group>"; };
		F97416A2E425D03A322EC705 /* Pods-PXGoogleDirectionsSample.debug.xcconfig */ = {isa = PBXFileReference; includeInIndex = 1; lastKnownFileType = text.xcconfig; name = "Pods-PXGoogleDirectionsSample.debug.xcconfig"; path = "Pods/Target Support Files/Pods-PXGoogleDirectionsSample/Pods-PXGoogleDirectionsSample.debug.xcconfig"; sourceTree = "<group>"; };
/* End PBXFileReference section */

/* Begin PBXFrameworksBuildPhase section */
		7AC68B5B1D300D0300B81C70 /* Frameworks */ = {
			isa = PBXFrameworksBuildPhase;
			buildActionMask = 2147483647;
			files = (
				7AC37A3B1DDC397200E03E4E /* GoogleMaps.framework in Frameworks */,
				7AC37A3C1DDC397200E03E4E /* GoogleMapsBase.framework in Frameworks */,
				7AC37A3D1DDC397200E03E4E /* GoogleMapsCore.framework in Frameworks */,
				7ACF3EAA1D427D1F00830BD6 /* Accelerate.framework in Frameworks */,
				7ACF3EAB1D427D1F00830BD6 /* AVFoundation.framework in Frameworks */,
				7ACF3EAC1D427D1F00830BD6 /* CoreBluetooth.framework in Frameworks */,
				7ACF3EAD1D427D1F00830BD6 /* CoreData.framework in Frameworks */,
				7ACF3EAE1D427D1F00830BD6 /* CoreLocation.framework in Frameworks */,
				7ACF3EAF1D427D1F00830BD6 /* GLKit.framework in Frameworks */,
				7ACF3EB01D427D1F00830BD6 /* ImageIO.framework in Frameworks */,
				7ACF3EB11D427D1F00830BD6 /* libc++.tbd in Frameworks */,
				7ACF3EB21D427D1F00830BD6 /* libicucore.tbd in Frameworks */,
				7ACF3EB31D427D1F00830BD6 /* libz.tbd in Frameworks */,
				7ACF3EB41D427D1F00830BD6 /* OpenGLES.framework in Frameworks */,
				7ACF3EB51D427D1F00830BD6 /* QuartzCore.framework in Frameworks */,
				7ACF3EB61D427D1F00830BD6 /* Security.framework in Frameworks */,
				7ACF3EB71D427D1F00830BD6 /* SystemConfiguration.framework in Frameworks */,
				7ACF3E9B1D427CD400830BD6 /* CoreGraphics.framework in Frameworks */,
				7ACF3E991D427CCF00830BD6 /* CoreText.framework in Frameworks */,
				60F60723972D55A758157C1A /* Pods_PXGoogleDirectionsSample.framework in Frameworks */,
			);
			runOnlyForDeploymentPostprocessing = 0;
		};
/* End PBXFrameworksBuildPhase section */

/* Begin PBXGroup section */
		7AC68B551D300D0300B81C70 = {
			isa = PBXGroup;
			children = (
				7AC68B601D300D0400B81C70 /* PXGoogleDirectionsSample */,
				7AC68B5F1D300D0300B81C70 /* Products */,
				ED35EE3D383D3489F3198806 /* Pods */,
				E606A026ADB2A38A37373483 /* Frameworks */,
			);
			sourceTree = "<group>";
		};
		7AC68B5F1D300D0300B81C70 /* Products */ = {
			isa = PBXGroup;
			children = (
				7AC68B5E1D300D0300B81C70 /* PXGoogleDirectionsSample.app */,
			);
			name = Products;
			sourceTree = "<group>";
		};
		7AC68B601D300D0400B81C70 /* PXGoogleDirectionsSample */ = {
			isa = PBXGroup;
			children = (
				7AC68B611D300D0400B81C70 /* AppDelegate.swift */,
				7AC08E8F1D300D6700F06B44 /* GoogleAPIKeyProvider.swift */,
				7ACF3EB81D427D7300830BD6 /* MainViewController.swift */,
				7ACF3EB91D427D7300830BD6 /* ResultsViewController.swift */,
				7ACF3EBA1D427D7300830BD6 /* WaypointViewController.swift */,
				7ACF3EBE1D427DA100830BD6 /* LaunchScreen.xib */,
				7AC68B651D300D0400B81C70 /* Main.storyboard */,
				7AC68B681D300D0400B81C70 /* Assets.xcassets */,
				7AC68B6D1D300D0400B81C70 /* Info.plist */,
			);
			path = PXGoogleDirectionsSample;
			sourceTree = "<group>";
		};
		E606A026ADB2A38A37373483 /* Frameworks */ = {
			isa = PBXGroup;
			children = (
				7AC37A381DDC397200E03E4E /* GoogleMaps.framework */,
				7AC37A391DDC397200E03E4E /* GoogleMapsBase.framework */,
				7AC37A3A1DDC397200E03E4E /* GoogleMapsCore.framework */,
				7ACF3E9C1D427D1F00830BD6 /* Accelerate.framework */,
				7ACF3E9D1D427D1F00830BD6 /* AVFoundation.framework */,
				7ACF3E9E1D427D1F00830BD6 /* CoreBluetooth.framework */,
				7ACF3E9F1D427D1F00830BD6 /* CoreData.framework */,
				7ACF3EA01D427D1F00830BD6 /* CoreLocation.framework */,
				7ACF3EA11D427D1F00830BD6 /* GLKit.framework */,
				7ACF3EA21D427D1F00830BD6 /* ImageIO.framework */,
				7ACF3EA31D427D1F00830BD6 /* libc++.tbd */,
				7ACF3EA41D427D1F00830BD6 /* libicucore.tbd */,
				7ACF3EA51D427D1F00830BD6 /* libz.tbd */,
				7ACF3EA61D427D1F00830BD6 /* OpenGLES.framework */,
				7ACF3EA71D427D1F00830BD6 /* QuartzCore.framework */,
				7ACF3EA81D427D1F00830BD6 /* Security.framework */,
				7ACF3EA91D427D1F00830BD6 /* SystemConfiguration.framework */,
				7ACF3E9A1D427CD400830BD6 /* CoreGraphics.framework */,
				7ACF3E981D427CCF00830BD6 /* CoreText.framework */,
				3225BF5079705D45C0D54DDE /* Pods_PXGoogleDirectionsSample.framework */,
			);
			name = Frameworks;
			sourceTree = "<group>";
		};
		ED35EE3D383D3489F3198806 /* Pods */ = {
			isa = PBXGroup;
			children = (
				F97416A2E425D03A322EC705 /* Pods-PXGoogleDirectionsSample.debug.xcconfig */,
				B83B08D12A009BB6BA8E12AD /* Pods-PXGoogleDirectionsSample.release.xcconfig */,
			);
			name = Pods;
			sourceTree = "<group>";
		};
/* End PBXGroup section */

/* Begin PBXNativeTarget section */
		7AC68B5D1D300D0300B81C70 /* PXGoogleDirectionsSample */ = {
			isa = PBXNativeTarget;
			buildConfigurationList = 7AC68B701D300D0400B81C70 /* Build configuration list for PBXNativeTarget "PXGoogleDirectionsSample" */;
			buildPhases = (
				7BD204DEC9C1B9C572EA1A73 /* [CP] Check Pods Manifest.lock */,
				7AC68B5A1D300D0300B81C70 /* Sources */,
				7AC68B5B1D300D0300B81C70 /* Frameworks */,
				7AC68B5C1D300D0300B81C70 /* Resources */,
				295018C93D0F212C41A0F980 /* [CP] Embed Pods Frameworks */,
				DB3204A5C84EC3A7A17CAFE8 /* [CP] Copy Pods Resources */,
			);
			buildRules = (
			);
			dependencies = (
			);
			name = PXGoogleDirectionsSample;
			productName = PXGoogleDirectionsSample;
			productReference = 7AC68B5E1D300D0300B81C70 /* PXGoogleDirectionsSample.app */;
			productType = "com.apple.product-type.application";
		};
/* End PBXNativeTarget section */

/* Begin PBXProject section */
		7AC68B561D300D0300B81C70 /* Project object */ = {
			isa = PBXProject;
			attributes = {
				LastSwiftUpdateCheck = 0730;
				LastUpgradeCheck = 0810;
				ORGANIZATIONNAME = RLT;
				TargetAttributes = {
					7AC68B5D1D300D0300B81C70 = {
						CreatedOnToolsVersion = 7.3.1;
						LastSwiftMigration = 0810;
					};
				};
			};
			buildConfigurationList = 7AC68B591D300D0300B81C70 /* Build configuration list for PBXProject "PXGoogleDirectionsSample" */;
			compatibilityVersion = "Xcode 3.2";
			developmentRegion = English;
			hasScannedForEncodings = 0;
			knownRegions = (
				en,
				Base,
			);
			mainGroup = 7AC68B551D300D0300B81C70;
			productRefGroup = 7AC68B5F1D300D0300B81C70 /* Products */;
			projectDirPath = "";
			projectRoot = "";
			targets = (
				7AC68B5D1D300D0300B81C70 /* PXGoogleDirectionsSample */,
			);
		};
/* End PBXProject section */

/* Begin PBXResourcesBuildPhase section */
		7AC68B5C1D300D0300B81C70 /* Resources */ = {
			isa = PBXResourcesBuildPhase;
			buildActionMask = 2147483647;
			files = (
				7ACF3EC01D427DA100830BD6 /* LaunchScreen.xib in Resources */,
				7AC68B691D300D0400B81C70 /* Assets.xcassets in Resources */,
				7AC68B671D300D0400B81C70 /* Main.storyboard in Resources */,
			);
			runOnlyForDeploymentPostprocessing = 0;
		};
/* End PBXResourcesBuildPhase section */

/* Begin PBXShellScriptBuildPhase section */
		295018C93D0F212C41A0F980 /* [CP] Embed Pods Frameworks */ = {
			isa = PBXShellScriptBuildPhase;
			buildActionMask = 2147483647;
			files = (
			);
			inputPaths = (
			);
			name = "[CP] Embed Pods Frameworks";
			outputPaths = (
			);
			runOnlyForDeploymentPostprocessing = 0;
			shellPath = /bin/sh;
			shellScript = "\"${SRCROOT}/Pods/Target Support Files/Pods-PXGoogleDirectionsSample/Pods-PXGoogleDirectionsSample-frameworks.sh\"\n";
			showEnvVarsInLog = 0;
		};
		7BD204DEC9C1B9C572EA1A73 /* [CP] Check Pods Manifest.lock */ = {
			isa = PBXShellScriptBuildPhase;
			buildActionMask = 2147483647;
			files = (
			);
			inputPaths = (
			);
			name = "[CP] Check Pods Manifest.lock";
			outputPaths = (
			);
			runOnlyForDeploymentPostprocessing = 0;
			shellPath = /bin/sh;
			shellScript = "diff \"${PODS_ROOT}/../Podfile.lock\" \"${PODS_ROOT}/Manifest.lock\" > /dev/null\nif [ $? != 0 ] ; then\n    # print error to STDERR\n    echo \"error: The sandbox is not in sync with the Podfile.lock. Run 'pod install' or update your CocoaPods installation.\" >&2\n    exit 1\nfi\n";
			showEnvVarsInLog = 0;
		};
		DB3204A5C84EC3A7A17CAFE8 /* [CP] Copy Pods Resources */ = {
			isa = PBXShellScriptBuildPhase;
			buildActionMask = 2147483647;
			files = (
			);
			inputPaths = (
			);
			name = "[CP] Copy Pods Resources";
			outputPaths = (
			);
			runOnlyForDeploymentPostprocessing = 0;
			shellPath = /bin/sh;
			shellScript = "\"${SRCROOT}/Pods/Target Support Files/Pods-PXGoogleDirectionsSample/Pods-PXGoogleDirectionsSample-resources.sh\"\n";
			showEnvVarsInLog = 0;
		};
/* End PBXShellScriptBuildPhase section */

/* Begin PBXSourcesBuildPhase section */
		7AC68B5A1D300D0300B81C70 /* Sources */ = {
			isa = PBXSourcesBuildPhase;
			buildActionMask = 2147483647;
			files = (
				7AC08E901D300D6700F06B44 /* GoogleAPIKeyProvider.swift in Sources */,
				7AC68B621D300D0400B81C70 /* AppDelegate.swift in Sources */,
				7ACF3EBC1D427D7300830BD6 /* ResultsViewController.swift in Sources */,
				7ACF3EBB1D427D7300830BD6 /* MainViewController.swift in Sources */,
				7ACF3EBD1D427D7300830BD6 /* WaypointViewController.swift in Sources */,
			);
			runOnlyForDeploymentPostprocessing = 0;
		};
/* End PBXSourcesBuildPhase section */

/* Begin PBXVariantGroup section */
		7AC68B651D300D0400B81C70 /* Main.storyboard */ = {
			isa = PBXVariantGroup;
			children = (
				7AC68B661D300D0400B81C70 /* Base */,
			);
			name = Main.storyboard;
			sourceTree = "<group>";
		};
		7ACF3EBE1D427DA100830BD6 /* LaunchScreen.xib */ = {
			isa = PBXVariantGroup;
			children = (
				7ACF3EBF1D427DA100830BD6 /* Base */,
			);
			name = LaunchScreen.xib;
			sourceTree = "<group>";
		};
/* End PBXVariantGroup section */

/* Begin XCBuildConfiguration section */
		7AC68B6E1D300D0400B81C70 /* Debug */ = {
			isa = XCBuildConfiguration;
			buildSettings = {
				ALWAYS_SEARCH_USER_PATHS = NO;
				CLANG_ANALYZER_NONNULL = YES;
				CLANG_CXX_LANGUAGE_STANDARD = "gnu++0x";
				CLANG_CXX_LIBRARY = "libc++";
				CLANG_ENABLE_MODULES = YES;
				CLANG_ENABLE_OBJC_ARC = YES;
				CLANG_WARN_BOOL_CONVERSION = YES;
				CLANG_WARN_CONSTANT_CONVERSION = YES;
				CLANG_WARN_DIRECT_OBJC_ISA_USAGE = YES_ERROR;
				CLANG_WARN_EMPTY_BODY = YES;
				CLANG_WARN_ENUM_CONVERSION = YES;
				CLANG_WARN_INFINITE_RECURSION = YES;
				CLANG_WARN_INT_CONVERSION = YES;
				CLANG_WARN_OBJC_ROOT_CLASS = YES_ERROR;
				CLANG_WARN_SUSPICIOUS_MOVE = YES;
				CLANG_WARN_UNREACHABLE_CODE = YES;
				CLANG_WARN__DUPLICATE_METHOD_MATCH = YES;
				"CODE_SIGN_IDENTITY[sdk=iphoneos*]" = "iPhone Developer";
				COPY_PHASE_STRIP = NO;
				DEBUG_INFORMATION_FORMAT = dwarf;
				ENABLE_STRICT_OBJC_MSGSEND = YES;
				ENABLE_TESTABILITY = YES;
				GCC_C_LANGUAGE_STANDARD = gnu99;
				GCC_DYNAMIC_NO_PIC = NO;
				GCC_NO_COMMON_BLOCKS = YES;
				GCC_OPTIMIZATION_LEVEL = 0;
				GCC_PREPROCESSOR_DEFINITIONS = (
					"DEBUG=1",
					"$(inherited)",
				);
				GCC_WARN_64_TO_32_BIT_CONVERSION = YES;
				GCC_WARN_ABOUT_RETURN_TYPE = YES_ERROR;
				GCC_WARN_UNDECLARED_SELECTOR = YES;
				GCC_WARN_UNINITIALIZED_AUTOS = YES_AGGRESSIVE;
				GCC_WARN_UNUSED_FUNCTION = YES;
				GCC_WARN_UNUSED_VARIABLE = YES;
				IPHONEOS_DEPLOYMENT_TARGET = 8.1;
				MTL_ENABLE_DEBUG_INFO = YES;
				ONLY_ACTIVE_ARCH = YES;
				SDKROOT = iphoneos;
				SWIFT_OPTIMIZATION_LEVEL = "-Onone";
				TARGETED_DEVICE_FAMILY = "1,2";
			};
			name = Debug;
		};
		7AC68B6F1D300D0400B81C70 /* Release */ = {
			isa = XCBuildConfiguration;
			buildSettings = {
				ALWAYS_SEARCH_USER_PATHS = NO;
				CLANG_ANALYZER_NONNULL = YES;
				CLANG_CXX_LANGUAGE_STANDARD = "gnu++0x";
				CLANG_CXX_LIBRARY = "libc++";
				CLANG_ENABLE_MODULES = YES;
				CLANG_ENABLE_OBJC_ARC = YES;
				CLANG_WARN_BOOL_CONVERSION = YES;
				CLANG_WARN_CONSTANT_CONVERSION = YES;
				CLANG_WARN_DIRECT_OBJC_ISA_USAGE = YES_ERROR;
				CLANG_WARN_EMPTY_BODY = YES;
				CLANG_WARN_ENUM_CONVERSION = YES;
				CLANG_WARN_INFINITE_RECURSION = YES;
				CLANG_WARN_INT_CONVERSION = YES;
				CLANG_WARN_OBJC_ROOT_CLASS = YES_ERROR;
				CLANG_WARN_SUSPICIOUS_MOVE = YES;
				CLANG_WARN_UNREACHABLE_CODE = YES;
				CLANG_WARN__DUPLICATE_METHOD_MATCH = YES;
				"CODE_SIGN_IDENTITY[sdk=iphoneos*]" = "iPhone Developer";
				COPY_PHASE_STRIP = NO;
				DEBUG_INFORMATION_FORMAT = "dwarf-with-dsym";
				ENABLE_NS_ASSERTIONS = NO;
				ENABLE_STRICT_OBJC_MSGSEND = YES;
				GCC_C_LANGUAGE_STANDARD = gnu99;
				GCC_NO_COMMON_BLOCKS = YES;
				GCC_WARN_64_TO_32_BIT_CONVERSION = YES;
				GCC_WARN_ABOUT_RETURN_TYPE = YES_ERROR;
				GCC_WARN_UNDECLARED_SELECTOR = YES;
				GCC_WARN_UNINITIALIZED_AUTOS = YES_AGGRESSIVE;
				GCC_WARN_UNUSED_FUNCTION = YES;
				GCC_WARN_UNUSED_VARIABLE = YES;
				IPHONEOS_DEPLOYMENT_TARGET = 8.1;
				MTL_ENABLE_DEBUG_INFO = NO;
				SDKROOT = iphoneos;
				SWIFT_OPTIMIZATION_LEVEL = "-Owholemodule";
				TARGETED_DEVICE_FAMILY = "1,2";
				VALIDATE_PRODUCT = YES;
			};
			name = Release;
		};
		7AC68B711D300D0400B81C70 /* Debug */ = {
			isa = XCBuildConfiguration;
			baseConfigurationReference = F97416A2E425D03A322EC705 /* Pods-PXGoogleDirectionsSample.debug.xcconfig */;
			buildSettings = {
				ALWAYS_EMBED_SWIFT_STANDARD_LIBRARIES = YES;
				ASSETCATALOG_COMPILER_APPICON_NAME = AppIcon;
				DEVELOPMENT_TEAM = "";
				ENABLE_BITCODE = YES;
				FRAMEWORK_SEARCH_PATHS = (
					"$(inherited)",
					"$(PROJECT_DIR)",
					"$(PROJECT_DIR)/Pods/PXGoogleDirections/Dependencies",
				);
				INFOPLIST_FILE = PXGoogleDirectionsSample/Info.plist;
				IPHONEOS_DEPLOYMENT_TARGET = 8.1;
				LD_RUNPATH_SEARCH_PATHS = "$(inherited) @executable_path/Frameworks";
				PRODUCT_BUNDLE_IDENTIFIER = Poulpix.PXGoogleDirectionsSample;
				PRODUCT_NAME = "$(TARGET_NAME)";
				SWIFT_VERSION = 3.0;
			};
			name = Debug;
		};
		7AC68B721D300D0400B81C70 /* Release */ = {
			isa = XCBuildConfiguration;
			baseConfigurationReference = B83B08D12A009BB6BA8E12AD /* Pods-PXGoogleDirectionsSample.release.xcconfig */;
			buildSettings = {
				ALWAYS_EMBED_SWIFT_STANDARD_LIBRARIES = YES;
				ASSETCATALOG_COMPILER_APPICON_NAME = AppIcon;
				DEVELOPMENT_TEAM = "";
				ENABLE_BITCODE = YES;
				FRAMEWORK_SEARCH_PATHS = (
					"$(inherited)",
					"$(PROJECT_DIR)",
					"$(PROJECT_DIR)/Pods/PXGoogleDirections/Dependencies",
				);
				INFOPLIST_FILE = PXGoogleDirectionsSample/Info.plist;
				IPHONEOS_DEPLOYMENT_TARGET = 8.1;
				LD_RUNPATH_SEARCH_PATHS = "$(inherited) @executable_path/Frameworks";
				PRODUCT_BUNDLE_IDENTIFIER = Poulpix.PXGoogleDirectionsSample;
				PRODUCT_NAME = "$(TARGET_NAME)";
				SWIFT_VERSION = 3.0;
			};
			name = Release;
		};
/* End XCBuildConfiguration section */

/* Begin XCConfigurationList section */
		7AC68B591D300D0300B81C70 /* Build configuration list for PBXProject "PXGoogleDirectionsSample" */ = {
			isa = XCConfigurationList;
			buildConfigurations = (
				7AC68B6E1D300D0400B81C70 /* Debug */,
				7AC68B6F1D300D0400B81C70 /* Release */,
			);
			defaultConfigurationIsVisible = 0;
			defaultConfigurationName = Release;
		};
		7AC68B701D300D0400B81C70 /* Build configuration list for PBXNativeTarget "PXGoogleDirectionsSample" */ = {
			isa = XCConfigurationList;
			buildConfigurations = (
				7AC68B711D300D0400B81C70 /* Debug */,
				7AC68B721D300D0400B81C70 /* Release */,
			);
			defaultConfigurationIsVisible = 0;
			defaultConfigurationName = Release;
		};
/* End XCConfigurationList section */
	};
	rootObject = 7AC68B561D300D0300B81C70 /* Project object */;
}
