// !$*UTF8*$!
{
	archiveVersion = 1;
	classes = {
	};
	objectVersion = 46;
	objects = {

/* Begin PBXBuildFile section */
		7A083DDB1D2D71D900B42940 /* UIKit.framework in Frameworks */ = {isa = PBXBuildFile; fileRef = 7A083DDA1D2D71D900B42940 /* UIKit.framework */; };
		7A083DEE1D2D723F00B42940 /* PXGoogleDirections.swift in Sources */ = {isa = PBXBuildFile; fileRef = 7A083DDC1D2D723F00B42940 /* PXGoogleDirections.swift */; };
		7A083DEF1D2D723F00B42940 /* PXGoogleDirectionsDistance.swift in Sources */ = {isa = PBXBuildFile; fileRef = 7A083DDD1D2D723F00B42940 /* PXGoogleDirectionsDistance.swift */; };
		7A083DF01D2D723F00B42940 /* PXGoogleDirectionsDuration.swift in Sources */ = {isa = PBXBuildFile; fileRef = 7A083DDE1D2D723F00B42940 /* PXGoogleDirectionsDuration.swift */; };
		7A083DF11D2D723F00B42940 /* PXGoogleDirectionsEnums.swift in Sources */ = {isa = PBXBuildFile; fileRef = 7A083DDF1D2D723F00B42940 /* PXGoogleDirectionsEnums.swift */; };
		7A083DF21D2D723F00B42940 /* PXGoogleDirectionsResponse.swift in Sources */ = {isa = PBXBuildFile; fileRef = 7A083DE01D2D723F00B42940 /* PXGoogleDirectionsResponse.swift */; };
		7A083DF31D2D723F00B42940 /* PXGoogleDirectionsRoute.swift in Sources */ = {isa = PBXBuildFile; fileRef = 7A083DE11D2D723F00B42940 /* PXGoogleDirectionsRoute.swift */; };
		7A083DF41D2D723F00B42940 /* PXGoogleDirectionsRouteFare.swift in Sources */ = {isa = PBXBuildFile; fileRef = 7A083DE21D2D723F00B42940 /* PXGoogleDirectionsRouteFare.swift */; };
		7A083DF51D2D723F00B42940 /* PXGoogleDirectionsRouteLeg.swift in Sources */ = {isa = PBXBuildFile; fileRef = 7A083DE31D2D723F00B42940 /* PXGoogleDirectionsRouteLeg.swift */; };
		7A083DF61D2D723F00B42940 /* PXGoogleDirectionsRouteLegStep.swift in Sources */ = {isa = PBXBuildFile; fileRef = 7A083DE41D2D723F00B42940 /* PXGoogleDirectionsRouteLegStep.swift */; };
		7A083DF71D2D723F00B42940 /* PXGoogleDirectionsRouteLegStepTransitDetails.swift in Sources */ = {isa = PBXBuildFile; fileRef = 7A083DE51D2D723F00B42940 /* PXGoogleDirectionsRouteLegStepTransitDetails.swift */; };
		7A083DF81D2D723F00B42940 /* PXGoogleDirectionsStop.swift in Sources */ = {isa = PBXBuildFile; fileRef = 7A083DE61D2D723F00B42940 /* PXGoogleDirectionsStop.swift */; };
		7A083DF91D2D723F00B42940 /* PXGoogleDirectionsTime.swift in Sources */ = {isa = PBXBuildFile; fileRef = 7A083DE71D2D723F00B42940 /* PXGoogleDirectionsTime.swift */; };
		7A083DFA1D2D723F00B42940 /* PXGoogleDirectionsTransitAgency.swift in Sources */ = {isa = PBXBuildFile; fileRef = 7A083DE81D2D723F00B42940 /* PXGoogleDirectionsTransitAgency.swift */; };
		7A083DFB1D2D723F00B42940 /* PXGoogleDirectionsTransitLine.swift in Sources */ = {isa = PBXBuildFile; fileRef = 7A083DE91D2D723F00B42940 /* PXGoogleDirectionsTransitLine.swift */; };
		7A083DFC1D2D723F00B42940 /* PXGoogleDirectionsTransitLineVehicle.swift in Sources */ = {isa = PBXBuildFile; fileRef = 7A083DEA1D2D723F00B42940 /* PXGoogleDirectionsTransitLineVehicle.swift */; };
		7A083DFD1D2D723F00B42940 /* PXLocation.swift in Sources */ = {isa = PBXBuildFile; fileRef = 7A083DEB1D2D723F00B42940 /* PXLocation.swift */; };
		7A083DFE1D2D723F00B42940 /* PXTime.swift in Sources */ = {isa = PBXBuildFile; fileRef = 7A083DEC1D2D723F00B42940 /* PXTime.swift */; };
		7A083DFF1D2D723F00B42940 /* PXUtils.swift in Sources */ = {isa = PBXBuildFile; fileRef = 7A083DED1D2D723F00B42940 /* PXUtils.swift */; };
		7A0985511D2D71120095737F /* PXGoogleDirections.h in Headers */ = {isa = PBXBuildFile; fileRef = 7A0985501D2D71120095737F /* PXGoogleDirections.h */; settings = {ATTRIBUTES = (Public, ); }; };
		7DCAADA0A9AB8FDB51F35531 /* Pods_PXGoogleDirections.framework in Frameworks */ = {isa = PBXBuildFile; fileRef = 8100287785EB5930FC9677CE /* Pods_PXGoogleDirections.framework */; };
/* End PBXBuildFile section */

/* Begin PBXFileReference section */
		40B3DE48E5D50B63C81FCFF7 /* Pods-PXGoogleDirections.release.xcconfig */ = {isa = PBXFileReference; includeInIndex = 1; lastKnownFileType = text.xcconfig; name = "Pods-PXGoogleDirections.release.xcconfig"; path = "Pods/Target Support Files/Pods-PXGoogleDirections/Pods-PXGoogleDirections.release.xcconfig"; sourceTree = "<group>"; };
		7A083DD81D2D718F00B42940 /* CoreText.framework */ = {isa = PBXFileReference; lastKnownFileType = wrapper.framework; name = CoreText.framework; path = System/Library/Frameworks/CoreText.framework; sourceTree = SDKROOT; };
		7A083DDA1D2D71D900B42940 /* UIKit.framework */ = {isa = PBXFileReference; lastKnownFileType = wrapper.framework; name = UIKit.framework; path = System/Library/Frameworks/UIKit.framework; sourceTree = SDKROOT; };
		7A083DDC1D2D723F00B42940 /* PXGoogleDirections.swift */ = {isa = PBXFileReference; fileEncoding = 4; lastKnownFileType = sourcecode.swift; path = PXGoogleDirections.swift; sourceTree = "<group>"; };
		7A083DDD1D2D723F00B42940 /* PXGoogleDirectionsDistance.swift */ = {isa = PBXFileReference; fileEncoding = 4; lastKnownFileType = sourcecode.swift; path = PXGoogleDirectionsDistance.swift; sourceTree = "<group>"; };
		7A083DDE1D2D723F00B42940 /* PXGoogleDirectionsDuration.swift */ = {isa = PBXFileReference; fileEncoding = 4; lastKnownFileType = sourcecode.swift; path = PXGoogleDirectionsDuration.swift; sourceTree = "<group>"; };
		7A083DDF1D2D723F00B42940 /* PXGoogleDirectionsEnums.swift */ = {isa = PBXFileReference; fileEncoding = 4; lastKnownFileType = sourcecode.swift; path = PXGoogleDirectionsEnums.swift; sourceTree = "<group>"; };
		7A083DE01D2D723F00B42940 /* PXGoogleDirectionsResponse.swift */ = {isa = PBXFileReference; fileEncoding = 4; lastKnownFileType = sourcecode.swift; path = PXGoogleDirectionsResponse.swift; sourceTree = "<group>"; };
		7A083DE11D2D723F00B42940 /* PXGoogleDirectionsRoute.swift */ = {isa = PBXFileReference; fileEncoding = 4; lastKnownFileType = sourcecode.swift; path = PXGoogleDirectionsRoute.swift; sourceTree = "<group>"; };
		7A083DE21D2D723F00B42940 /* PXGoogleDirectionsRouteFare.swift */ = {isa = PBXFileReference; fileEncoding = 4; lastKnownFileType = sourcecode.swift; path = PXGoogleDirectionsRouteFare.swift; sourceTree = "<group>"; };
		7A083DE31D2D723F00B42940 /* PXGoogleDirectionsRouteLeg.swift */ = {isa = PBXFileReference; fileEncoding = 4; lastKnownFileType = sourcecode.swift; path = PXGoogleDirectionsRouteLeg.swift; sourceTree = "<group>"; };
		7A083DE41D2D723F00B42940 /* PXGoogleDirectionsRouteLegStep.swift */ = {isa = PBXFileReference; fileEncoding = 4; lastKnownFileType = sourcecode.swift; path = PXGoogleDirectionsRouteLegStep.swift; sourceTree = "<group>"; };
		7A083DE51D2D723F00B42940 /* PXGoogleDirectionsRouteLegStepTransitDetails.swift */ = {isa = PBXFileReference; fileEncoding = 4; lastKnownFileType = sourcecode.swift; path = PXGoogleDirectionsRouteLegStepTransitDetails.swift; sourceTree = "<group>"; };
		7A083DE61D2D723F00B42940 /* PXGoogleDirectionsStop.swift */ = {isa = PBXFileReference; fileEncoding = 4; lastKnownFileType = sourcecode.swift; path = PXGoogleDirectionsStop.swift; sourceTree = "<group>"; };
		7A083DE71D2D723F00B42940 /* PXGoogleDirectionsTime.swift */ = {isa = PBXFileReference; fileEncoding = 4; lastKnownFileType = sourcecode.swift; path = PXGoogleDirectionsTime.swift; sourceTree = "<group>"; };
		7A083DE81D2D723F00B42940 /* PXGoogleDirectionsTransitAgency.swift */ = {isa = PBXFileReference; fileEncoding = 4; lastKnownFileType = sourcecode.swift; path = PXGoogleDirectionsTransitAgency.swift; sourceTree = "<group>"; };
		7A083DE91D2D723F00B42940 /* PXGoogleDirectionsTransitLine.swift */ = {isa = PBXFileReference; fileEncoding = 4; lastKnownFileType = sourcecode.swift; path = PXGoogleDirectionsTransitLine.swift; sourceTree = "<group>"; };
		7A083DEA1D2D723F00B42940 /* PXGoogleDirectionsTransitLineVehicle.swift */ = {isa = PBXFileReference; fileEncoding = 4; lastKnownFileType = sourcecode.swift; path = PXGoogleDirectionsTransitLineVehicle.swift; sourceTree = "<group>"; };
		7A083DEB1D2D723F00B42940 /* PXLocation.swift */ = {isa = PBXFileReference; fileEncoding = 4; lastKnownFileType = sourcecode.swift; path = PXLocation.swift; sourceTree = "<group>"; };
		7A083DEC1D2D723F00B42940 /* PXTime.swift */ = {isa = PBXFileReference; fileEncoding = 4; lastKnownFileType = sourcecode.swift; path = PXTime.swift; sourceTree = "<group>"; };
		7A083DED1D2D723F00B42940 /* PXUtils.swift */ = {isa = PBXFileReference; fileEncoding = 4; lastKnownFileType = sourcecode.swift; path = PXUtils.swift; sourceTree = "<group>"; };
		7A09854D1D2D71120095737F /* PXGoogleDirections.framework */ = {isa = PBXFileReference; explicitFileType = wrapper.framework; includeInIndex = 0; path = PXGoogleDirections.framework; sourceTree = BUILT_PRODUCTS_DIR; };
		7A0985501D2D71120095737F /* PXGoogleDirections.h */ = {isa = PBXFileReference; lastKnownFileType = sourcecode.c.h; path = PXGoogleDirections.h; sourceTree = "<group>"; };
		7A0985521D2D71120095737F /* Info.plist */ = {isa = PBXFileReference; lastKnownFileType = text.plist.xml; path = Info.plist; sourceTree = "<group>"; };
		8100287785EB5930FC9677CE /* Pods_PXGoogleDirections.framework */ = {isa = PBXFileReference; explicitFileType = wrapper.framework; includeInIndex = 0; path = Pods_PXGoogleDirections.framework; sourceTree = BUILT_PRODUCTS_DIR; };
		95ACA0ABED8E80D370DA7D3C /* Pods-PXGoogleDirections.debug.xcconfig */ = {isa = PBXFileReference; includeInIndex = 1; lastKnownFileType = text.xcconfig; name = "Pods-PXGoogleDirections.debug.xcconfig"; path = "Pods/Target Support Files/Pods-PXGoogleDirections/Pods-PXGoogleDirections.debug.xcconfig"; sourceTree = "<group>"; };
/* End PBXFileReference section */

/* Begin PBXFrameworksBuildPhase section */
		7A0985491D2D71120095737F /* Frameworks */ = {
			isa = PBXFrameworksBuildPhase;
			buildActionMask = 2147483647;
			files = (
				7A083DDB1D2D71D900B42940 /* UIKit.framework in Frameworks */,
				7DCAADA0A9AB8FDB51F35531 /* Pods_PXGoogleDirections.framework in Frameworks */,
			);
			runOnlyForDeploymentPostprocessing = 0;
		};
/* End PBXFrameworksBuildPhase section */

/* Begin PBXGroup section */
		7A0985431D2D71120095737F = {
			isa = PBXGroup;
			children = (
				7A09854F1D2D71120095737F /* PXGoogleDirections */,
				7A09854E1D2D71120095737F /* Products */,
				E316165D1ADC808BF5FC80B2 /* Pods */,
				A4DEFDEF788BFD1D098ABAF1 /* Frameworks */,
			);
			sourceTree = "<group>";
		};
		7A09854E1D2D71120095737F /* Products */ = {
			isa = PBXGroup;
			children = (
				7A09854D1D2D71120095737F /* PXGoogleDirections.framework */,
			);
			name = Products;
			sourceTree = "<group>";
		};
		7A09854F1D2D71120095737F /* PXGoogleDirections */ = {
			isa = PBXGroup;
			children = (
				7A083DDC1D2D723F00B42940 /* PXGoogleDirections.swift */,
				7A083DDD1D2D723F00B42940 /* PXGoogleDirectionsDistance.swift */,
				7A083DDE1D2D723F00B42940 /* PXGoogleDirectionsDuration.swift */,
				7A083DDF1D2D723F00B42940 /* PXGoogleDirectionsEnums.swift */,
				7A083DE01D2D723F00B42940 /* PXGoogleDirectionsResponse.swift */,
				7A083DE11D2D723F00B42940 /* PXGoogleDirectionsRoute.swift */,
				7A083DE21D2D723F00B42940 /* PXGoogleDirectionsRouteFare.swift */,
				7A083DE31D2D723F00B42940 /* PXGoogleDirectionsRouteLeg.swift */,
				7A083DE41D2D723F00B42940 /* PXGoogleDirectionsRouteLegStep.swift */,
				7A083DE51D2D723F00B42940 /* PXGoogleDirectionsRouteLegStepTransitDetails.swift */,
				7A083DE61D2D723F00B42940 /* PXGoogleDirectionsStop.swift */,
				7A083DE71D2D723F00B42940 /* PXGoogleDirectionsTime.swift */,
				7A083DE81D2D723F00B42940 /* PXGoogleDirectionsTransitAgency.swift */,
				7A083DE91D2D723F00B42940 /* PXGoogleDirectionsTransitLine.swift */,
				7A083DEA1D2D723F00B42940 /* PXGoogleDirectionsTransitLineVehicle.swift */,
				7A083DEB1D2D723F00B42940 /* PXLocation.swift */,
				7A083DEC1D2D723F00B42940 /* PXTime.swift */,
				7A083DED1D2D723F00B42940 /* PXUtils.swift */,
				7A0985501D2D71120095737F /* PXGoogleDirections.h */,
				7A0985521D2D71120095737F /* Info.plist */,
			);
			path = PXGoogleDirections;
			sourceTree = "<group>";
		};
		A4DEFDEF788BFD1D098ABAF1 /* Frameworks */ = {
			isa = PBXGroup;
			children = (
				7A083DDA1D2D71D900B42940 /* UIKit.framework */,
				7A083DD81D2D718F00B42940 /* CoreText.framework */,
				8100287785EB5930FC9677CE /* Pods_PXGoogleDirections.framework */,
			);
			name = Frameworks;
			sourceTree = "<group>";
		};
		E316165D1ADC808BF5FC80B2 /* Pods */ = {
			isa = PBXGroup;
			children = (
				95ACA0ABED8E80D370DA7D3C /* Pods-PXGoogleDirections.debug.xcconfig */,
				40B3DE48E5D50B63C81FCFF7 /* Pods-PXGoogleDirections.release.xcconfig */,
			);
			name = Pods;
			sourceTree = "<group>";
		};
/* End PBXGroup section */

/* Begin PBXHeadersBuildPhase section */
		7A09854A1D2D71120095737F /* Headers */ = {
			isa = PBXHeadersBuildPhase;
			buildActionMask = 2147483647;
			files = (
				7A0985511D2D71120095737F /* PXGoogleDirections.h in Headers */,
			);
			runOnlyForDeploymentPostprocessing = 0;
		};
/* End PBXHeadersBuildPhase section */

/* Begin PBXNativeTarget section */
		7A09854C1D2D71120095737F /* PXGoogleDirections */ = {
			isa = PBXNativeTarget;
			buildConfigurationList = 7A0985551D2D71120095737F /* Build configuration list for PBXNativeTarget "PXGoogleDirections" */;
			buildPhases = (
				906178DEA22C8602123CE3A5 /* [CP] Check Pods Manifest.lock */,
				7A0985481D2D71120095737F /* Sources */,
				7A0985491D2D71120095737F /* Frameworks */,
				7A09854A1D2D71120095737F /* Headers */,
				7A09854B1D2D71120095737F /* Resources */,
				F662D553D8181D0747B983F6 /* [CP] Copy Pods Resources */,
			);
			buildRules = (
			);
			dependencies = (
			);
			name = PXGoogleDirections;
			productName = PXGoogleDirections;
			productReference = 7A09854D1D2D71120095737F /* PXGoogleDirections.framework */;
			productType = "com.apple.product-type.framework";
		};
/* End PBXNativeTarget section */

/* Begin PBXProject section */
		7A0985441D2D71120095737F /* Project object */ = {
			isa = PBXProject;
			attributes = {
				LastUpgradeCheck = 0900;
				ORGANIZATIONNAME = RLT;
				TargetAttributes = {
					7A09854C1D2D71120095737F = {
						CreatedOnToolsVersion = 7.3.1;
						DevelopmentTeam = H4ZDL2CC7Y;
						LastSwiftMigration = 0900;
					};
				};
			};
			buildConfigurationList = 7A0985471D2D71120095737F /* Build configuration list for PBXProject "PXGoogleDirections" */;
			compatibilityVersion = "Xcode 3.2";
			developmentRegion = English;
			hasScannedForEncodings = 0;
			knownRegions = (
				en,
			);
			mainGroup = 7A0985431D2D71120095737F;
			productRefGroup = 7A09854E1D2D71120095737F /* Products */;
			projectDirPath = "";
			projectRoot = "";
			targets = (
				7A09854C1D2D71120095737F /* PXGoogleDirections */,
			);
		};
/* End PBXProject section */

/* Begin PBXResourcesBuildPhase section */
		7A09854B1D2D71120095737F /* Resources */ = {
			isa = PBXResourcesBuildPhase;
			buildActionMask = 2147483647;
			files = (
			);
			runOnlyForDeploymentPostprocessing = 0;
		};
/* End PBXResourcesBuildPhase section */

/* Begin PBXShellScriptBuildPhase section */
		906178DEA22C8602123CE3A5 /* [CP] Check Pods Manifest.lock */ = {
			isa = PBXShellScriptBuildPhase;
			buildActionMask = 2147483647;
			files = (
			);
			inputPaths = (
			);
			name = "[CP] Check Pods Manifest.lock";
			outputPaths = (
			);
			runOnlyForDeploymentPostprocessing = 0;
			shellPath = /bin/sh;
			shellScript = "diff \"${PODS_ROOT}/../Podfile.lock\" \"${PODS_ROOT}/Manifest.lock\" > /dev/null\nif [ $? != 0 ] ; then\n    # print error to STDERR\n    echo \"error: The sandbox is not in sync with the Podfile.lock. Run 'pod install' or update your CocoaPods installation.\" >&2\n    exit 1\nfi\n";
			showEnvVarsInLog = 0;
		};
		F662D553D8181D0747B983F6 /* [CP] Copy Pods Resources */ = {
			isa = PBXShellScriptBuildPhase;
			buildActionMask = 2147483647;
			files = (
			);
			inputPaths = (
			);
			name = "[CP] Copy Pods Resources";
			outputPaths = (
			);
			runOnlyForDeploymentPostprocessing = 0;
			shellPath = /bin/sh;
			shellScript = "\"${SRCROOT}/Pods/Target Support Files/Pods-PXGoogleDirections/Pods-PXGoogleDirections-resources.sh\"\n";
			showEnvVarsInLog = 0;
		};
/* End PBXShellScriptBuildPhase section */

/* Begin PBXSourcesBuildPhase section */
		7A0985481D2D71120095737F /* Sources */ = {
			isa = PBXSourcesBuildPhase;
			buildActionMask = 2147483647;
			files = (
				7A083DFB1D2D723F00B42940 /* PXGoogleDirectionsTransitLine.swift in Sources */,
				7A083DF21D2D723F00B42940 /* PXGoogleDirectionsResponse.swift in Sources */,
				7A083DEF1D2D723F00B42940 /* PXGoogleDirectionsDistance.swift in Sources */,
				7A083DFE1D2D723F00B42940 /* PXTime.swift in Sources */,
				7A083DF71D2D723F00B42940 /* PXGoogleDirectionsRouteLegStepTransitDetails.swift in Sources */,
				7A083DF31D2D723F00B42940 /* PXGoogleDirectionsRoute.swift in Sources */,
				7A083DF11D2D723F00B42940 /* PXGoogleDirectionsEnums.swift in Sources */,
				7A083DFC1D2D723F00B42940 /* PXGoogleDirectionsTransitLineVehicle.swift in Sources */,
				7A083DFA1D2D723F00B42940 /* PXGoogleDirectionsTransitAgency.swift in Sources */,
				7A083DFF1D2D723F00B42940 /* PXUtils.swift in Sources */,
				7A083DF41D2D723F00B42940 /* PXGoogleDirectionsRouteFare.swift in Sources */,
				7A083DF01D2D723F00B42940 /* PXGoogleDirectionsDuration.swift in Sources */,
				7A083DF51D2D723F00B42940 /* PXGoogleDirectionsRouteLeg.swift in Sources */,
				7A083DF61D2D723F00B42940 /* PXGoogleDirectionsRouteLegStep.swift in Sources */,
				7A083DFD1D2D723F00B42940 /* PXLocation.swift in Sources */,
				7A083DF81D2D723F00B42940 /* PXGoogleDirectionsStop.swift in Sources */,
				7A083DEE1D2D723F00B42940 /* PXGoogleDirections.swift in Sources */,
				7A083DF91D2D723F00B42940 /* PXGoogleDirectionsTime.swift in Sources */,
			);
			runOnlyForDeploymentPostprocessing = 0;
		};
/* End PBXSourcesBuildPhase section */

/* Begin XCBuildConfiguration section */
		7A0985531D2D71120095737F /* Debug */ = {
			isa = XCBuildConfiguration;
			buildSettings = {
				ALWAYS_SEARCH_USER_PATHS = NO;
				CLANG_ANALYZER_NONNULL = YES;
				CLANG_CXX_LANGUAGE_STANDARD = "gnu++0x";
				CLANG_CXX_LIBRARY = "libc++";
				CLANG_ENABLE_MODULES = YES;
				CLANG_ENABLE_OBJC_ARC = YES;
				CLANG_WARN_BLOCK_CAPTURE_AUTORELEASING = YES;
				CLANG_WARN_BOOL_CONVERSION = YES;
				CLANG_WARN_COMMA = YES;
				CLANG_WARN_CONSTANT_CONVERSION = YES;
				CLANG_WARN_DIRECT_OBJC_ISA_USAGE = YES_ERROR;
				CLANG_WARN_EMPTY_BODY = YES;
				CLANG_WARN_ENUM_CONVERSION = YES;
				CLANG_WARN_INFINITE_RECURSION = YES;
				CLANG_WARN_INT_CONVERSION = YES;
				CLANG_WARN_NON_LITERAL_NULL_CONVERSION = YES;
				CLANG_WARN_OBJC_LITERAL_CONVERSION = YES;
				CLANG_WARN_OBJC_ROOT_CLASS = YES_ERROR;
				CLANG_WARN_RANGE_LOOP_ANALYSIS = YES;
				CLANG_WARN_STRICT_PROTOTYPES = YES;
				CLANG_WARN_SUSPICIOUS_MOVE = YES;
				CLANG_WARN_UNREACHABLE_CODE = YES;
				CLANG_WARN__DUPLICATE_METHOD_MATCH = YES;
				"CODE_SIGN_IDENTITY[sdk=iphoneos*]" = "iPhone Developer";
				COPY_PHASE_STRIP = NO;
				CURRENT_PROJECT_VERSION = 1;
				DEBUG_INFORMATION_FORMAT = dwarf;
				ENABLE_STRICT_OBJC_MSGSEND = YES;
				ENABLE_TESTABILITY = YES;
				GCC_C_LANGUAGE_STANDARD = gnu99;
				GCC_DYNAMIC_NO_PIC = NO;
				GCC_NO_COMMON_BLOCKS = YES;
				GCC_OPTIMIZATION_LEVEL = 0;
				GCC_PREPROCESSOR_DEFINITIONS = (
					"DEBUG=1",
					"$(inherited)",
				);
				GCC_WARN_64_TO_32_BIT_CONVERSION = YES;
				GCC_WARN_ABOUT_RETURN_TYPE = YES_ERROR;
				GCC_WARN_UNDECLARED_SELECTOR = YES;
				GCC_WARN_UNINITIALIZED_AUTOS = YES_AGGRESSIVE;
				GCC_WARN_UNUSED_FUNCTION = YES;
				GCC_WARN_UNUSED_VARIABLE = YES;
				IPHONEOS_DEPLOYMENT_TARGET = 9.3;
				MTL_ENABLE_DEBUG_INFO = YES;
				ONLY_ACTIVE_ARCH = YES;
				SDKROOT = iphoneos;
				SWIFT_OPTIMIZATION_LEVEL = "-Onone";
				SWIFT_VERSION = 4.0;
				TARGETED_DEVICE_FAMILY = "1,2";
				VERSIONING_SYSTEM = "apple-generic";
				VERSION_INFO_PREFIX = "";
			};
			name = Debug;
		};
		7A0985541D2D71120095737F /* Release */ = {
			isa = XCBuildConfiguration;
			buildSettings = {
				ALWAYS_SEARCH_USER_PATHS = NO;
				CLANG_ANALYZER_NONNULL = YES;
				CLANG_CXX_LANGUAGE_STANDARD = "gnu++0x";
				CLANG_CXX_LIBRARY = "libc++";
				CLANG_ENABLE_MODULES = YES;
				CLANG_ENABLE_OBJC_ARC = YES;
				CLANG_WARN_BLOCK_CAPTURE_AUTORELEASING = YES;
				CLANG_WARN_BOOL_CONVERSION = YES;
				CLANG_WARN_COMMA = YES;
				CLANG_WARN_CONSTANT_CONVERSION = YES;
				CLANG_WARN_DIRECT_OBJC_ISA_USAGE = YES_ERROR;
				CLANG_WARN_EMPTY_BODY = YES;
				CLANG_WARN_ENUM_CONVERSION = YES;
				CLANG_WARN_INFINITE_RECURSION = YES;
				CLANG_WARN_INT_CONVERSION = YES;
				CLANG_WARN_NON_LITERAL_NULL_CONVERSION = YES;
				CLANG_WARN_OBJC_LITERAL_CONVERSION = YES;
				CLANG_WARN_OBJC_ROOT_CLASS = YES_ERROR;
				CLANG_WARN_RANGE_LOOP_ANALYSIS = YES;
				CLANG_WARN_STRICT_PROTOTYPES = YES;
				CLANG_WARN_SUSPICIOUS_MOVE = YES;
				CLANG_WARN_UNREACHABLE_CODE = YES;
				CLANG_WARN__DUPLICATE_METHOD_MATCH = YES;
				"CODE_SIGN_IDENTITY[sdk=iphoneos*]" = "iPhone Developer";
				COPY_PHASE_STRIP = NO;
				CURRENT_PROJECT_VERSION = 1;
				DEBUG_INFORMATION_FORMAT = "dwarf-with-dsym";
				ENABLE_NS_ASSERTIONS = NO;
				ENABLE_STRICT_OBJC_MSGSEND = YES;
				GCC_C_LANGUAGE_STANDARD = gnu99;
				GCC_NO_COMMON_BLOCKS = YES;
				GCC_WARN_64_TO_32_BIT_CONVERSION = YES;
				GCC_WARN_ABOUT_RETURN_TYPE = YES_ERROR;
				GCC_WARN_UNDECLARED_SELECTOR = YES;
				GCC_WARN_UNINITIALIZED_AUTOS = YES_AGGRESSIVE;
				GCC_WARN_UNUSED_FUNCTION = YES;
				GCC_WARN_UNUSED_VARIABLE = YES;
				IPHONEOS_DEPLOYMENT_TARGET = 9.3;
				MTL_ENABLE_DEBUG_INFO = NO;
				SDKROOT = iphoneos;
				SWIFT_OPTIMIZATION_LEVEL = "-Owholemodule";
				SWIFT_VERSION = 4.0;
				TARGETED_DEVICE_FAMILY = "1,2";
				VALIDATE_PRODUCT = YES;
				VERSIONING_SYSTEM = "apple-generic";
				VERSION_INFO_PREFIX = "";
			};
			name = Release;
		};
		7A0985561D2D71120095737F /* Debug */ = {
			isa = XCBuildConfiguration;
			baseConfigurationReference = 95ACA0ABED8E80D370DA7D3C /* Pods-PXGoogleDirections.debug.xcconfig */;
			buildSettings = {
				CLANG_ENABLE_MODULES = YES;
				"CODE_SIGN_IDENTITY[sdk=iphoneos*]" = "";
				DEFINES_MODULE = YES;
				DYLIB_COMPATIBILITY_VERSION = 1;
				DYLIB_CURRENT_VERSION = 1;
				DYLIB_INSTALL_NAME_BASE = "@rpath";
				INFOPLIST_FILE = PXGoogleDirections/Info.plist;
				INSTALL_PATH = "$(LOCAL_LIBRARY_DIR)/Frameworks";
				LD_RUNPATH_SEARCH_PATHS = "$(inherited) @executable_path/Frameworks @loader_path/Frameworks";
				PRODUCT_BUNDLE_IDENTIFIER = Poulpix.PXGoogleDirections;
				PRODUCT_NAME = "$(TARGET_NAME)";
				SKIP_INSTALL = YES;
				SWIFT_OPTIMIZATION_LEVEL = "-Onone";
				SWIFT_SWIFT3_OBJC_INFERENCE = On;
				SWIFT_VERSION = 4.0;
			};
			name = Debug;
		};
		7A0985571D2D71120095737F /* Release */ = {
			isa = XCBuildConfiguration;
			baseConfigurationReference = 40B3DE48E5D50B63C81FCFF7 /* Pods-PXGoogleDirections.release.xcconfig */;
			buildSettings = {
				CLANG_ENABLE_MODULES = YES;
				"CODE_SIGN_IDENTITY[sdk=iphoneos*]" = "";
				DEFINES_MODULE = YES;
				DYLIB_COMPATIBILITY_VERSION = 1;
				DYLIB_CURRENT_VERSION = 1;
				DYLIB_INSTALL_NAME_BASE = "@rpath";
				INFOPLIST_FILE = PXGoogleDirections/Info.plist;
				INSTALL_PATH = "$(LOCAL_LIBRARY_DIR)/Frameworks";
				LD_RUNPATH_SEARCH_PATHS = "$(inherited) @executable_path/Frameworks @loader_path/Frameworks";
				PRODUCT_BUNDLE_IDENTIFIER = Poulpix.PXGoogleDirections;
				PRODUCT_NAME = "$(TARGET_NAME)";
				SKIP_INSTALL = YES;
				SWIFT_SWIFT3_OBJC_INFERENCE = On;
				SWIFT_VERSION = 4.0;
			};
			name = Release;
		};
/* End XCBuildConfiguration section */

/* Begin XCConfigurationList section */
		7A0985471D2D71120095737F /* Build configuration list for PBXProject "PXGoogleDirections" */ = {
			isa = XCConfigurationList;
			buildConfigurations = (
				7A0985531D2D71120095737F /* Debug */,
				7A0985541D2D71120095737F /* Release */,
			);
			defaultConfigurationIsVisible = 0;
			defaultConfigurationName = Release;
		};
		7A0985551D2D71120095737F /* Build configuration list for PBXNativeTarget "PXGoogleDirections" */ = {
			isa = XCConfigurationList;
			buildConfigurations = (
				7A0985561D2D71120095737F /* Debug */,
				7A0985571D2D71120095737F /* Release */,
			);
			defaultConfigurationIsVisible = 0;
			defaultConfigurationName = Release;
		};
/* End XCConfigurationList section */
	};
	rootObject = 7A0985441D2D71120095737F /* Project object */;
}
