// !$*UTF8*$!
{
	archiveVersion = 1;
	classes = {
	};
	objectVersion = 46;
	objects = {

/* Begin PBXBuildFile section */
		0BD2621C9D168FA58FB975F7 /* Pods.framework in Frameworks */ = {isa = PBXBuildFile; fileRef = 0EB9EF998853EFB1D09BB11C /* Pods.framework */; settings = {ATTRIBUTES = (Weak, ); }; };
		7A21B2211AA77D35008618E7 /* RLGoogleDirectionsRoute.swift in Sources */ = {isa = PBXBuildFile; fileRef = 7A21B2201AA77D35008618E7 /* RLGoogleDirectionsRoute.swift */; };
		7A21B2231AA77FFE008618E7 /* RLGoogleDirectionsRouteFare.swift in Sources */ = {isa = PBXBuildFile; fileRef = 7A21B2221AA77FFE008618E7 /* RLGoogleDirectionsRouteFare.swift */; };
		7A21B2251AA7844F008618E7 /* RLGoogleDirectionsRouteLeg.swift in Sources */ = {isa = PBXBuildFile; fileRef = 7A21B2241AA7844F008618E7 /* RLGoogleDirectionsRouteLeg.swift */; };
		7A21B2271AA786B2008618E7 /* RLGoogleDirectionsDistance.swift in Sources */ = {isa = PBXBuildFile; fileRef = 7A21B2261AA786B2008618E7 /* RLGoogleDirectionsDistance.swift */; };
		7A21B2291AA7871F008618E7 /* RLGoogleDirectionsDuration.swift in Sources */ = {isa = PBXBuildFile; fileRef = 7A21B2281AA7871F008618E7 /* RLGoogleDirectionsDuration.swift */; };
		7A21B22B1AA78792008618E7 /* RLGoogleDirectionsRouteLegStep.swift in Sources */ = {isa = PBXBuildFile; fileRef = 7A21B22A1AA78792008618E7 /* RLGoogleDirectionsRouteLegStep.swift */; };
		7A21B22D1AA789A4008618E7 /* RLGoogleDirectionsRouteLegStepTransitDetails.swift in Sources */ = {isa = PBXBuildFile; fileRef = 7A21B22C1AA789A4008618E7 /* RLGoogleDirectionsRouteLegStepTransitDetails.swift */; };
		7A21B22F1AA78BC0008618E7 /* RLGoogleDirectionsStop.swift in Sources */ = {isa = PBXBuildFile; fileRef = 7A21B22E1AA78BC0008618E7 /* RLGoogleDirectionsStop.swift */; };
		7A21B2311AA8FCED008618E7 /* RLGoogleDirectionsTransitLine.swift in Sources */ = {isa = PBXBuildFile; fileRef = 7A21B2301AA8FCED008618E7 /* RLGoogleDirectionsTransitLine.swift */; };
		7A2CF2471AA8FF1E00A45852 /* RLGoogleDirectionsTransitLineVehicle.swift in Sources */ = {isa = PBXBuildFile; fileRef = 7A2CF2461AA8FF1E00A45852 /* RLGoogleDirectionsTransitLineVehicle.swift */; };
		7A2CF2491AA9017200A45852 /* RLGoogleDirectionsTransitAgency.swift in Sources */ = {isa = PBXBuildFile; fileRef = 7A2CF2481AA9017200A45852 /* RLGoogleDirectionsTransitAgency.swift */; };
		7A2CF24B1AA9072B00A45852 /* RLGoogleDirections.podspec in Resources */ = {isa = PBXBuildFile; fileRef = 7A2CF24A1AA9072B00A45852 /* RLGoogleDirections.podspec */; };
		7A2CF24D1AAA093500A45852 /* RLGoogleDirectionsTime.swift in Sources */ = {isa = PBXBuildFile; fileRef = 7A2CF24C1AAA093500A45852 /* RLGoogleDirectionsTime.swift */; };
		7A2CF24F1AAA170300A45852 /* RLUtils.swift in Sources */ = {isa = PBXBuildFile; fileRef = 7A2CF24E1AAA170300A45852 /* RLUtils.swift */; };
		7A5CEC7F1AAA7FD1005A81AF /* AppDelegate.swift in Sources */ = {isa = PBXBuildFile; fileRef = 7A5CEC7E1AAA7FD1005A81AF /* AppDelegate.swift */; };
		7A6713611AA3831800787B92 /* RLGoogleDirectionsEnums.swift in Sources */ = {isa = PBXBuildFile; fileRef = 7A6713601AA3831800787B92 /* RLGoogleDirectionsEnums.swift */; };
		7A6713631AA5169D00787B92 /* RLTime.swift in Sources */ = {isa = PBXBuildFile; fileRef = 7A6713621AA5169D00787B92 /* RLTime.swift */; };
		7A8814E61AA366330040075F /* RLGoogleDirectionsTests.swift in Sources */ = {isa = PBXBuildFile; fileRef = 7A8814E51AA366330040075F /* RLGoogleDirectionsTests.swift */; };
		7A8814F31AA3669D0040075F /* RLGoogleDirections.swift in Sources */ = {isa = PBXBuildFile; fileRef = 7A8814F21AA3669D0040075F /* RLGoogleDirections.swift */; };
		7A8815031AA367FB0040075F /* AVFoundation.framework in Frameworks */ = {isa = PBXBuildFile; fileRef = 7A8814F71AA367FB0040075F /* AVFoundation.framework */; };
		7A8815041AA367FB0040075F /* CoreData.framework in Frameworks */ = {isa = PBXBuildFile; fileRef = 7A8814F81AA367FB0040075F /* CoreData.framework */; };
		7A8815051AA367FB0040075F /* CoreLocation.framework in Frameworks */ = {isa = PBXBuildFile; fileRef = 7A8814F91AA367FB0040075F /* CoreLocation.framework */; };
		7A8815061AA367FB0040075F /* CoreText.framework in Frameworks */ = {isa = PBXBuildFile; fileRef = 7A8814FA1AA367FB0040075F /* CoreText.framework */; };
		7A8815071AA367FB0040075F /* GLKit.framework in Frameworks */ = {isa = PBXBuildFile; fileRef = 7A8814FB1AA367FB0040075F /* GLKit.framework */; };
		7A8815081AA367FB0040075F /* ImageIO.framework in Frameworks */ = {isa = PBXBuildFile; fileRef = 7A8814FC1AA367FB0040075F /* ImageIO.framework */; };
		7A8815091AA367FB0040075F /* libc++.dylib in Frameworks */ = {isa = PBXBuildFile; fileRef = 7A8814FD1AA367FB0040075F /* libc++.dylib */; };
		7A88150A1AA367FB0040075F /* libicucore.dylib in Frameworks */ = {isa = PBXBuildFile; fileRef = 7A8814FE1AA367FB0040075F /* libicucore.dylib */; };
		7A88150B1AA367FB0040075F /* libz.dylib in Frameworks */ = {isa = PBXBuildFile; fileRef = 7A8814FF1AA367FB0040075F /* libz.dylib */; };
		7A88150C1AA367FB0040075F /* OpenGLES.framework in Frameworks */ = {isa = PBXBuildFile; fileRef = 7A8815001AA367FB0040075F /* OpenGLES.framework */; };
		7A88150D1AA367FB0040075F /* QuartzCore.framework in Frameworks */ = {isa = PBXBuildFile; fileRef = 7A8815011AA367FB0040075F /* QuartzCore.framework */; };
		7A88150E1AA367FB0040075F /* SystemConfiguration.framework in Frameworks */ = {isa = PBXBuildFile; fileRef = 7A8815021AA367FB0040075F /* SystemConfiguration.framework */; };
		7A8815101AA3703F0040075F /* RLLocation.swift in Sources */ = {isa = PBXBuildFile; fileRef = 7A88150F1AA3703F0040075F /* RLLocation.swift */; };
		7A8815121AA3765E0040075F /* RLGoogleDirectionsResponse.swift in Sources */ = {isa = PBXBuildFile; fileRef = 7A8815111AA3765E0040075F /* RLGoogleDirectionsResponse.swift */; };
/* End PBXBuildFile section */

/* Begin PBXContainerItemProxy section */
		7A8814E01AA366330040075F /* PBXContainerItemProxy */ = {
			isa = PBXContainerItemProxy;
			containerPortal = 7A8814C21AA366330040075F /* Project object */;
			proxyType = 1;
			remoteGlobalIDString = 7A8814C91AA366330040075F;
			remoteInfo = RLGoogleDirections;
		};
/* End PBXContainerItemProxy section */

/* Begin PBXFileReference section */
		0EB9EF998853EFB1D09BB11C /* Pods.framework */ = {isa = PBXFileReference; explicitFileType = wrapper.framework; includeInIndex = 0; path = Pods.framework; sourceTree = BUILT_PRODUCTS_DIR; };
		4869B2AD0F0A2B1C7DF9A3FF /* Pods.debug.xcconfig */ = {isa = PBXFileReference; includeInIndex = 1; lastKnownFileType = text.xcconfig; name = Pods.debug.xcconfig; path = "Pods/Target Support Files/Pods/Pods.debug.xcconfig"; sourceTree = "<group>"; };
		49DA4E1F06AF213B837A313E /* Pods.release.xcconfig */ = {isa = PBXFileReference; includeInIndex = 1; lastKnownFileType = text.xcconfig; name = Pods.release.xcconfig; path = "Pods/Target Support Files/Pods/Pods.release.xcconfig"; sourceTree = "<group>"; };
		7A21B2201AA77D35008618E7 /* RLGoogleDirectionsRoute.swift */ = {isa = PBXFileReference; fileEncoding = 4; lastKnownFileType = sourcecode.swift; path = RLGoogleDirectionsRoute.swift; sourceTree = "<group>"; };
		7A21B2221AA77FFE008618E7 /* RLGoogleDirectionsRouteFare.swift */ = {isa = PBXFileReference; fileEncoding = 4; lastKnownFileType = sourcecode.swift; path = RLGoogleDirectionsRouteFare.swift; sourceTree = "<group>"; };
		7A21B2241AA7844F008618E7 /* RLGoogleDirectionsRouteLeg.swift */ = {isa = PBXFileReference; fileEncoding = 4; lastKnownFileType = sourcecode.swift; path = RLGoogleDirectionsRouteLeg.swift; sourceTree = "<group>"; };
		7A21B2261AA786B2008618E7 /* RLGoogleDirectionsDistance.swift */ = {isa = PBXFileReference; fileEncoding = 4; lastKnownFileType = sourcecode.swift; path = RLGoogleDirectionsDistance.swift; sourceTree = "<group>"; };
		7A21B2281AA7871F008618E7 /* RLGoogleDirectionsDuration.swift */ = {isa = PBXFileReference; fileEncoding = 4; lastKnownFileType = sourcecode.swift; path = RLGoogleDirectionsDuration.swift; sourceTree = "<group>"; };
		7A21B22A1AA78792008618E7 /* RLGoogleDirectionsRouteLegStep.swift */ = {isa = PBXFileReference; fileEncoding = 4; lastKnownFileType = sourcecode.swift; path = RLGoogleDirectionsRouteLegStep.swift; sourceTree = "<group>"; };
		7A21B22C1AA789A4008618E7 /* RLGoogleDirectionsRouteLegStepTransitDetails.swift */ = {isa = PBXFileReference; fileEncoding = 4; lastKnownFileType = sourcecode.swift; path = RLGoogleDirectionsRouteLegStepTransitDetails.swift; sourceTree = "<group>"; };
		7A21B22E1AA78BC0008618E7 /* RLGoogleDirectionsStop.swift */ = {isa = PBXFileReference; fileEncoding = 4; lastKnownFileType = sourcecode.swift; path = RLGoogleDirectionsStop.swift; sourceTree = "<group>"; };
		7A21B2301AA8FCED008618E7 /* RLGoogleDirectionsTransitLine.swift */ = {isa = PBXFileReference; fileEncoding = 4; lastKnownFileType = sourcecode.swift; path = RLGoogleDirectionsTransitLine.swift; sourceTree = "<group>"; };
		7A2CF2461AA8FF1E00A45852 /* RLGoogleDirectionsTransitLineVehicle.swift */ = {isa = PBXFileReference; fileEncoding = 4; lastKnownFileType = sourcecode.swift; path = RLGoogleDirectionsTransitLineVehicle.swift; sourceTree = "<group>"; };
		7A2CF2481AA9017200A45852 /* RLGoogleDirectionsTransitAgency.swift */ = {isa = PBXFileReference; fileEncoding = 4; lastKnownFileType = sourcecode.swift; path = RLGoogleDirectionsTransitAgency.swift; sourceTree = "<group>"; };
		7A2CF24A1AA9072B00A45852 /* RLGoogleDirections.podspec */ = {isa = PBXFileReference; fileEncoding = 4; lastKnownFileType = text; path = RLGoogleDirections.podspec; sourceTree = SOURCE_ROOT; };
		7A2CF24C1AAA093500A45852 /* RLGoogleDirectionsTime.swift */ = {isa = PBXFileReference; fileEncoding = 4; lastKnownFileType = sourcecode.swift; path = RLGoogleDirectionsTime.swift; sourceTree = "<group>"; };
		7A2CF24E1AAA170300A45852 /* RLUtils.swift */ = {isa = PBXFileReference; fileEncoding = 4; lastKnownFileType = sourcecode.swift; path = RLUtils.swift; sourceTree = "<group>"; };
		7A5CEC7E1AAA7FD1005A81AF /* AppDelegate.swift */ = {isa = PBXFileReference; fileEncoding = 4; lastKnownFileType = sourcecode.swift; path = AppDelegate.swift; sourceTree = "<group>"; };
		7A6713601AA3831800787B92 /* RLGoogleDirectionsEnums.swift */ = {isa = PBXFileReference; fileEncoding = 4; lastKnownFileType = sourcecode.swift; path = RLGoogleDirectionsEnums.swift; sourceTree = "<group>"; };
		7A6713621AA5169D00787B92 /* RLTime.swift */ = {isa = PBXFileReference; fileEncoding = 4; lastKnownFileType = sourcecode.swift; path = RLTime.swift; sourceTree = "<group>"; };
		7A8814CA1AA366330040075F /* RLGoogleDirections.app */ = {isa = PBXFileReference; explicitFileType = wrapper.application; includeInIndex = 0; path = RLGoogleDirections.app; sourceTree = BUILT_PRODUCTS_DIR; };
		7A8814CE1AA366330040075F /* Info.plist */ = {isa = PBXFileReference; lastKnownFileType = text.plist.xml; path = Info.plist; sourceTree = "<group>"; };
		7A8814DF1AA366330040075F /* RLGoogleDirectionsTests.xctest */ = {isa = PBXFileReference; explicitFileType = wrapper.cfbundle; includeInIndex = 0; path = RLGoogleDirectionsTests.xctest; sourceTree = BUILT_PRODUCTS_DIR; };
		7A8814E41AA366330040075F /* Info.plist */ = {isa = PBXFileReference; lastKnownFileType = text.plist.xml; path = Info.plist; sourceTree = "<group>"; };
		7A8814E51AA366330040075F /* RLGoogleDirectionsTests.swift */ = {isa = PBXFileReference; lastKnownFileType = sourcecode.swift; path = RLGoogleDirectionsTests.swift; sourceTree = "<group>"; };
		7A8814F21AA3669D0040075F /* RLGoogleDirections.swift */ = {isa = PBXFileReference; fileEncoding = 4; lastKnownFileType = sourcecode.swift; path = RLGoogleDirections.swift; sourceTree = "<group>"; };
		7A8814F41AA366C80040075F /* RLGoogleDirections-Bridging-Header.h */ = {isa = PBXFileReference; fileEncoding = 4; lastKnownFileType = sourcecode.c.h; name = "RLGoogleDirections-Bridging-Header.h"; path = "RLGoogleDirections/RLGoogleDirections-Bridging-Header.h"; sourceTree = SOURCE_ROOT; };
		7A8814F51AA3675D0040075F /* CoreGraphics.framework */ = {isa = PBXFileReference; lastKnownFileType = wrapper.framework; name = CoreGraphics.framework; path = System/Library/Frameworks/CoreGraphics.framework; sourceTree = SDKROOT; };
		7A8814F71AA367FB0040075F /* AVFoundation.framework */ = {isa = PBXFileReference; lastKnownFileType = wrapper.framework; name = AVFoundation.framework; path = System/Library/Frameworks/AVFoundation.framework; sourceTree = SDKROOT; };
		7A8814F81AA367FB0040075F /* CoreData.framework */ = {isa = PBXFileReference; lastKnownFileType = wrapper.framework; name = CoreData.framework; path = System/Library/Frameworks/CoreData.framework; sourceTree = SDKROOT; };
		7A8814F91AA367FB0040075F /* CoreLocation.framework */ = {isa = PBXFileReference; lastKnownFileType = wrapper.framework; name = CoreLocation.framework; path = System/Library/Frameworks/CoreLocation.framework; sourceTree = SDKROOT; };
		7A8814FA1AA367FB0040075F /* CoreText.framework */ = {isa = PBXFileReference; lastKnownFileType = wrapper.framework; name = CoreText.framework; path = System/Library/Frameworks/CoreText.framework; sourceTree = SDKROOT; };
		7A8814FB1AA367FB0040075F /* GLKit.framework */ = {isa = PBXFileReference; lastKnownFileType = wrapper.framework; name = GLKit.framework; path = System/Library/Frameworks/GLKit.framework; sourceTree = SDKROOT; };
		7A8814FC1AA367FB0040075F /* ImageIO.framework */ = {isa = PBXFileReference; lastKnownFileType = wrapper.framework; name = ImageIO.framework; path = System/Library/Frameworks/ImageIO.framework; sourceTree = SDKROOT; };
		7A8814FD1AA367FB0040075F /* libc++.dylib */ = {isa = PBXFileReference; lastKnownFileType = "compiled.mach-o.dylib"; name = "libc++.dylib"; path = "usr/lib/libc++.dylib"; sourceTree = SDKROOT; };
		7A8814FE1AA367FB0040075F /* libicucore.dylib */ = {isa = PBXFileReference; lastKnownFileType = "compiled.mach-o.dylib"; name = libicucore.dylib; path = usr/lib/libicucore.dylib; sourceTree = SDKROOT; };
		7A8814FF1AA367FB0040075F /* libz.dylib */ = {isa = PBXFileReference; lastKnownFileType = "compiled.mach-o.dylib"; name = libz.dylib; path = usr/lib/libz.dylib; sourceTree = SDKROOT; };
		7A8815001AA367FB0040075F /* OpenGLES.framework */ = {isa = PBXFileReference; lastKnownFileType = wrapper.framework; name = OpenGLES.framework; path = System/Library/Frameworks/OpenGLES.framework; sourceTree = SDKROOT; };
		7A8815011AA367FB0040075F /* QuartzCore.framework */ = {isa = PBXFileReference; lastKnownFileType = wrapper.framework; name = QuartzCore.framework; path = System/Library/Frameworks/QuartzCore.framework; sourceTree = SDKROOT; };
		7A8815021AA367FB0040075F /* SystemConfiguration.framework */ = {isa = PBXFileReference; lastKnownFileType = wrapper.framework; name = SystemConfiguration.framework; path = System/Library/Frameworks/SystemConfiguration.framework; sourceTree = SDKROOT; };
		7A88150F1AA3703F0040075F /* RLLocation.swift */ = {isa = PBXFileReference; fileEncoding = 4; lastKnownFileType = sourcecode.swift; path = RLLocation.swift; sourceTree = "<group>"; };
		7A8815111AA3765E0040075F /* RLGoogleDirectionsResponse.swift */ = {isa = PBXFileReference; fileEncoding = 4; lastKnownFileType = sourcecode.swift; path = RLGoogleDirectionsResponse.swift; sourceTree = "<group>"; };
/* End PBXFileReference section */

/* Begin PBXFrameworksBuildPhase section */
		7A8814C71AA366330040075F /* Frameworks */ = {
			isa = PBXFrameworksBuildPhase;
			buildActionMask = 2147483647;
			files = (
				7A8815031AA367FB0040075F /* AVFoundation.framework in Frameworks */,
				7A8815041AA367FB0040075F /* CoreData.framework in Frameworks */,
				7A8815051AA367FB0040075F /* CoreLocation.framework in Frameworks */,
				7A8815061AA367FB0040075F /* CoreText.framework in Frameworks */,
				7A8815071AA367FB0040075F /* GLKit.framework in Frameworks */,
				7A8815081AA367FB0040075F /* ImageIO.framework in Frameworks */,
				7A8815091AA367FB0040075F /* libc++.dylib in Frameworks */,
				7A88150A1AA367FB0040075F /* libicucore.dylib in Frameworks */,
				7A88150B1AA367FB0040075F /* libz.dylib in Frameworks */,
				7A88150C1AA367FB0040075F /* OpenGLES.framework in Frameworks */,
				7A88150D1AA367FB0040075F /* QuartzCore.framework in Frameworks */,
				7A88150E1AA367FB0040075F /* SystemConfiguration.framework in Frameworks */,
				0BD2621C9D168FA58FB975F7 /* Pods.framework in Frameworks */,
			);
			runOnlyForDeploymentPostprocessing = 0;
		};
		7A8814DC1AA366330040075F /* Frameworks */ = {
			isa = PBXFrameworksBuildPhase;
			buildActionMask = 2147483647;
			files = (
			);
			runOnlyForDeploymentPostprocessing = 0;
		};
/* End PBXFrameworksBuildPhase section */

/* Begin PBXGroup section */
		7A8814C11AA366330040075F = {
			isa = PBXGroup;
			children = (
				7A8814CC1AA366330040075F /* RLGoogleDirections */,
				7A8814E21AA366330040075F /* RLGoogleDirectionsTests */,
				7A8814F11AA3667E0040075F /* Frameworks */,
				7A8814CB1AA366330040075F /* Products */,
				B5406B8563B9A3032E9C2A44 /* Pods */,
			);
			sourceTree = "<group>";
		};
		7A8814CB1AA366330040075F /* Products */ = {
			isa = PBXGroup;
			children = (
				7A8814CA1AA366330040075F /* RLGoogleDirections.app */,
				7A8814DF1AA366330040075F /* RLGoogleDirectionsTests.xctest */,
			);
			name = Products;
			sourceTree = "<group>";
		};
		7A8814CC1AA366330040075F /* RLGoogleDirections */ = {
			isa = PBXGroup;
			children = (
				7A8814F21AA3669D0040075F /* RLGoogleDirections.swift */,
				7A21B2261AA786B2008618E7 /* RLGoogleDirectionsDistance.swift */,
				7A21B2281AA7871F008618E7 /* RLGoogleDirectionsDuration.swift */,
				7A6713601AA3831800787B92 /* RLGoogleDirectionsEnums.swift */,
				7A8815111AA3765E0040075F /* RLGoogleDirectionsResponse.swift */,
				7A21B2201AA77D35008618E7 /* RLGoogleDirectionsRoute.swift */,
				7A21B2221AA77FFE008618E7 /* RLGoogleDirectionsRouteFare.swift */,
				7A21B2241AA7844F008618E7 /* RLGoogleDirectionsRouteLeg.swift */,
				7A21B22A1AA78792008618E7 /* RLGoogleDirectionsRouteLegStep.swift */,
				7A21B22C1AA789A4008618E7 /* RLGoogleDirectionsRouteLegStepTransitDetails.swift */,
				7A21B22E1AA78BC0008618E7 /* RLGoogleDirectionsStop.swift */,
				7A2CF24C1AAA093500A45852 /* RLGoogleDirectionsTime.swift */,
				7A2CF2481AA9017200A45852 /* RLGoogleDirectionsTransitAgency.swift */,
				7A21B2301AA8FCED008618E7 /* RLGoogleDirectionsTransitLine.swift */,
				7A2CF2461AA8FF1E00A45852 /* RLGoogleDirectionsTransitLineVehicle.swift */,
				7A88150F1AA3703F0040075F /* RLLocation.swift */,
				7A6713621AA5169D00787B92 /* RLTime.swift */,
				7A2CF24E1AAA170300A45852 /* RLUtils.swift */,
				7A8814CD1AA366330040075F /* Supporting Files */,
			);
			path = RLGoogleDirections;
			sourceTree = "<group>";
		};
		7A8814CD1AA366330040075F /* Supporting Files */ = {
			isa = PBXGroup;
			children = (
				7A5CEC7E1AAA7FD1005A81AF /* AppDelegate.swift */,
				7A2CF24A1AA9072B00A45852 /* RLGoogleDirections.podspec */,
				7A8814F41AA366C80040075F /* RLGoogleDirections-Bridging-Header.h */,
				7A8814CE1AA366330040075F /* Info.plist */,
			);
			name = "Supporting Files";
			sourceTree = "<group>";
		};
		7A8814E21AA366330040075F /* RLGoogleDirectionsTests */ = {
			isa = PBXGroup;
			children = (
				7A8814E51AA366330040075F /* RLGoogleDirectionsTests.swift */,
				7A8814E31AA366330040075F /* Supporting Files */,
			);
			path = RLGoogleDirectionsTests;
			sourceTree = "<group>";
		};
		7A8814E31AA366330040075F /* Supporting Files */ = {
			isa = PBXGroup;
			children = (
				7A8814E41AA366330040075F /* Info.plist */,
			);
			name = "Supporting Files";
			sourceTree = "<group>";
		};
		7A8814F11AA3667E0040075F /* Frameworks */ = {
			isa = PBXGroup;
			children = (
				7A8814F71AA367FB0040075F /* AVFoundation.framework */,
				7A8814F81AA367FB0040075F /* CoreData.framework */,
				7A8814F91AA367FB0040075F /* CoreLocation.framework */,
				7A8814FA1AA367FB0040075F /* CoreText.framework */,
				7A8814FB1AA367FB0040075F /* GLKit.framework */,
				7A8814FC1AA367FB0040075F /* ImageIO.framework */,
				7A8814FD1AA367FB0040075F /* libc++.dylib */,
				7A8814FE1AA367FB0040075F /* libicucore.dylib */,
				7A8814FF1AA367FB0040075F /* libz.dylib */,
				7A8815001AA367FB0040075F /* OpenGLES.framework */,
				7A8815011AA367FB0040075F /* QuartzCore.framework */,
				7A8815021AA367FB0040075F /* SystemConfiguration.framework */,
				7A8814F51AA3675D0040075F /* CoreGraphics.framework */,
				0EB9EF998853EFB1D09BB11C /* Pods.framework */,
			);
			name = Frameworks;
			sourceTree = "<group>";
		};
		B5406B8563B9A3032E9C2A44 /* Pods */ = {
			isa = PBXGroup;
			children = (
				4869B2AD0F0A2B1C7DF9A3FF /* Pods.debug.xcconfig */,
				49DA4E1F06AF213B837A313E /* Pods.release.xcconfig */,
			);
			name = Pods;
			sourceTree = "<group>";
		};
/* End PBXGroup section */

/* Begin PBXNativeTarget section */
		7A8814C91AA366330040075F /* RLGoogleDirections */ = {
			isa = PBXNativeTarget;
			buildConfigurationList = 7A8814E91AA366330040075F /* Build configuration list for PBXNativeTarget "RLGoogleDirections" */;
			buildPhases = (
				DC32D6E06A20528C80E78FDD /* Check Pods Manifest.lock */,
				7A8814C61AA366330040075F /* Sources */,
				7A8814C71AA366330040075F /* Frameworks */,
				7A8814C81AA366330040075F /* Resources */,
				DEC682293A84EC38AF6616C4 /* Copy Pods Resources */,
				CCF196FB0F2AB1823B3F4D4C /* Embed Pods Frameworks */,
			);
			buildRules = (
			);
			dependencies = (
			);
			name = RLGoogleDirections;
			productName = RLGoogleDirections;
			productReference = 7A8814CA1AA366330040075F /* RLGoogleDirections.app */;
			productType = "com.apple.product-type.application";
		};
		7A8814DE1AA366330040075F /* RLGoogleDirectionsTests */ = {
			isa = PBXNativeTarget;
			buildConfigurationList = 7A8814EC1AA366330040075F /* Build configuration list for PBXNativeTarget "RLGoogleDirectionsTests" */;
			buildPhases = (
				7A8814DB1AA366330040075F /* Sources */,
				7A8814DC1AA366330040075F /* Frameworks */,
				7A8814DD1AA366330040075F /* Resources */,
			);
			buildRules = (
			);
			dependencies = (
				7A8814E11AA366330040075F /* PBXTargetDependency */,
			);
			name = RLGoogleDirectionsTests;
			productName = RLGoogleDirectionsTests;
			productReference = 7A8814DF1AA366330040075F /* RLGoogleDirectionsTests.xctest */;
			productType = "com.apple.product-type.bundle.unit-test";
		};
/* End PBXNativeTarget section */

/* Begin PBXProject section */
		7A8814C21AA366330040075F /* Project object */ = {
			isa = PBXProject;
			attributes = {
				LastUpgradeCheck = 0630;
				ORGANIZATIONNAME = RLT;
				TargetAttributes = {
					7A8814C91AA366330040075F = {
						CreatedOnToolsVersion = 6.3;
					};
					7A8814DE1AA366330040075F = {
						CreatedOnToolsVersion = 6.3;
						TestTargetID = 7A8814C91AA366330040075F;
					};
				};
			};
			buildConfigurationList = 7A8814C51AA366330040075F /* Build configuration list for PBXProject "RLGoogleDirections" */;
			compatibilityVersion = "Xcode 3.2";
			developmentRegion = English;
			hasScannedForEncodings = 0;
			knownRegions = (
				en,
				Base,
			);
			mainGroup = 7A8814C11AA366330040075F;
			productRefGroup = 7A8814CB1AA366330040075F /* Products */;
			projectDirPath = "";
			projectRoot = "";
			targets = (
				7A8814C91AA366330040075F /* RLGoogleDirections */,
				7A8814DE1AA366330040075F /* RLGoogleDirectionsTests */,
			);
		};
/* End PBXProject section */

/* Begin PBXResourcesBuildPhase section */
		7A8814C81AA366330040075F /* Resources */ = {
			isa = PBXResourcesBuildPhase;
			buildActionMask = 2147483647;
			files = (
				7A2CF24B1AA9072B00A45852 /* RLGoogleDirections.podspec in Resources */,
			);
			runOnlyForDeploymentPostprocessing = 0;
		};
		7A8814DD1AA366330040075F /* Resources */ = {
			isa = PBXResourcesBuildPhase;
			buildActionMask = 2147483647;
			files = (
			);
			runOnlyForDeploymentPostprocessing = 0;
		};
/* End PBXResourcesBuildPhase section */

/* Begin PBXShellScriptBuildPhase section */
		CCF196FB0F2AB1823B3F4D4C /* Embed Pods Frameworks */ = {
			isa = PBXShellScriptBuildPhase;
			buildActionMask = 2147483647;
			files = (
			);
			inputPaths = (
			);
			name = "Embed Pods Frameworks";
			outputPaths = (
			);
			runOnlyForDeploymentPostprocessing = 0;
			shellPath = /bin/sh;
			shellScript = "\"${SRCROOT}/Pods/Target Support Files/Pods/Pods-frameworks.sh\"\n";
			showEnvVarsInLog = 0;
		};
		DC32D6E06A20528C80E78FDD /* Check Pods Manifest.lock */ = {
			isa = PBXShellScriptBuildPhase;
			buildActionMask = 2147483647;
			files = (
			);
			inputPaths = (
			);
			name = "Check Pods Manifest.lock";
			outputPaths = (
			);
			runOnlyForDeploymentPostprocessing = 0;
			shellPath = /bin/sh;
			shellScript = "diff \"${PODS_ROOT}/../Podfile.lock\" \"${PODS_ROOT}/Manifest.lock\" > /dev/null\nif [[ $? != 0 ]] ; then\n    cat << EOM\nerror: The sandbox is not in sync with the Podfile.lock. Run 'pod install' or update your CocoaPods installation.\nEOM\n    exit 1\nfi\n";
			showEnvVarsInLog = 0;
		};
		DEC682293A84EC38AF6616C4 /* Copy Pods Resources */ = {
			isa = PBXShellScriptBuildPhase;
			buildActionMask = 2147483647;
			files = (
			);
			inputPaths = (
			);
			name = "Copy Pods Resources";
			outputPaths = (
			);
			runOnlyForDeploymentPostprocessing = 0;
			shellPath = /bin/sh;
			shellScript = "\"${SRCROOT}/Pods/Target Support Files/Pods/Pods-resources.sh\"\n";
			showEnvVarsInLog = 0;
		};
/* End PBXShellScriptBuildPhase section */

/* Begin PBXSourcesBuildPhase section */
		7A8814C61AA366330040075F /* Sources */ = {
			isa = PBXSourcesBuildPhase;
			buildActionMask = 2147483647;
			files = (
				7A21B2271AA786B2008618E7 /* RLGoogleDirectionsDistance.swift in Sources */,
				7A2CF2491AA9017200A45852 /* RLGoogleDirectionsTransitAgency.swift in Sources */,
				7A5CEC7F1AAA7FD1005A81AF /* AppDelegate.swift in Sources */,
				7A2CF2471AA8FF1E00A45852 /* RLGoogleDirectionsTransitLineVehicle.swift in Sources */,
				7A21B22F1AA78BC0008618E7 /* RLGoogleDirectionsStop.swift in Sources */,
				7A8814F31AA3669D0040075F /* RLGoogleDirections.swift in Sources */,
				7A2CF24D1AAA093500A45852 /* RLGoogleDirectionsTime.swift in Sources */,
				7A21B22D1AA789A4008618E7 /* RLGoogleDirectionsRouteLegStepTransitDetails.swift in Sources */,
				7A2CF24F1AAA170300A45852 /* RLUtils.swift in Sources */,
				7A6713611AA3831800787B92 /* RLGoogleDirectionsEnums.swift in Sources */,
				7A21B2251AA7844F008618E7 /* RLGoogleDirectionsRouteLeg.swift in Sources */,
				7A21B2291AA7871F008618E7 /* RLGoogleDirectionsDuration.swift in Sources */,
				7A21B22B1AA78792008618E7 /* RLGoogleDirectionsRouteLegStep.swift in Sources */,
				7A8815121AA3765E0040075F /* RLGoogleDirectionsResponse.swift in Sources */,
				7A8815101AA3703F0040075F /* RLLocation.swift in Sources */,
				7A21B2231AA77FFE008618E7 /* RLGoogleDirectionsRouteFare.swift in Sources */,
				7A6713631AA5169D00787B92 /* RLTime.swift in Sources */,
				7A21B2211AA77D35008618E7 /* RLGoogleDirectionsRoute.swift in Sources */,
				7A21B2311AA8FCED008618E7 /* RLGoogleDirectionsTransitLine.swift in Sources */,
			);
			runOnlyForDeploymentPostprocessing = 0;
		};
		7A8814DB1AA366330040075F /* Sources */ = {
			isa = PBXSourcesBuildPhase;
			buildActionMask = 2147483647;
			files = (
				7A8814E61AA366330040075F /* RLGoogleDirectionsTests.swift in Sources */,
			);
			runOnlyForDeploymentPostprocessing = 0;
		};
/* End PBXSourcesBuildPhase section */

/* Begin PBXTargetDependency section */
		7A8814E11AA366330040075F /* PBXTargetDependency */ = {
			isa = PBXTargetDependency;
			target = 7A8814C91AA366330040075F /* RLGoogleDirections */;
			targetProxy = 7A8814E01AA366330040075F /* PBXContainerItemProxy */;
		};
/* End PBXTargetDependency section */

/* Begin XCBuildConfiguration section */
		7A8814E71AA366330040075F /* Debug */ = {
			isa = XCBuildConfiguration;
			buildSettings = {
				ALWAYS_SEARCH_USER_PATHS = NO;
				CLANG_CXX_LANGUAGE_STANDARD = "gnu++0x";
				CLANG_CXX_LIBRARY = "libc++";
				CLANG_ENABLE_MODULES = YES;
				CLANG_ENABLE_OBJC_ARC = YES;
				CLANG_WARN_BOOL_CONVERSION = YES;
				CLANG_WARN_CONSTANT_CONVERSION = YES;
				CLANG_WARN_DIRECT_OBJC_ISA_USAGE = YES_ERROR;
				CLANG_WARN_EMPTY_BODY = YES;
				CLANG_WARN_ENUM_CONVERSION = YES;
				CLANG_WARN_INT_CONVERSION = YES;
				CLANG_WARN_OBJC_ROOT_CLASS = YES_ERROR;
				CLANG_WARN_UNREACHABLE_CODE = YES;
				CLANG_WARN__DUPLICATE_METHOD_MATCH = YES;
				"CODE_SIGN_IDENTITY[sdk=iphoneos*]" = "iPhone Developer";
				COPY_PHASE_STRIP = NO;
				DEBUG_INFORMATION_FORMAT = dwarf;
				ENABLE_STRICT_OBJC_MSGSEND = YES;
				GCC_C_LANGUAGE_STANDARD = gnu99;
				GCC_DYNAMIC_NO_PIC = NO;
				GCC_OPTIMIZATION_LEVEL = 0;
				GCC_PREPROCESSOR_DEFINITIONS = (
					"DEBUG=1",
					"$(inherited)",
				);
				GCC_SYMBOLS_PRIVATE_EXTERN = NO;
				GCC_WARN_64_TO_32_BIT_CONVERSION = YES;
				GCC_WARN_ABOUT_RETURN_TYPE = YES_ERROR;
				GCC_WARN_UNDECLARED_SELECTOR = YES;
				GCC_WARN_UNINITIALIZED_AUTOS = YES_AGGRESSIVE;
				GCC_WARN_UNUSED_FUNCTION = YES;
				GCC_WARN_UNUSED_VARIABLE = YES;
				IPHONEOS_DEPLOYMENT_TARGET = 8.3;
				MTL_ENABLE_DEBUG_INFO = YES;
				ONLY_ACTIVE_ARCH = YES;
				SDKROOT = iphoneos;
				SWIFT_OPTIMIZATION_LEVEL = "-Onone";
				TARGETED_DEVICE_FAMILY = "1,2";
			};
			name = Debug;
		};
		7A8814E81AA366330040075F /* Release */ = {
			isa = XCBuildConfiguration;
			buildSettings = {
				ALWAYS_SEARCH_USER_PATHS = NO;
				CLANG_CXX_LANGUAGE_STANDARD = "gnu++0x";
				CLANG_CXX_LIBRARY = "libc++";
				CLANG_ENABLE_MODULES = YES;
				CLANG_ENABLE_OBJC_ARC = YES;
				CLANG_WARN_BOOL_CONVERSION = YES;
				CLANG_WARN_CONSTANT_CONVERSION = YES;
				CLANG_WARN_DIRECT_OBJC_ISA_USAGE = YES_ERROR;
				CLANG_WARN_EMPTY_BODY = YES;
				CLANG_WARN_ENUM_CONVERSION = YES;
				CLANG_WARN_INT_CONVERSION = YES;
				CLANG_WARN_OBJC_ROOT_CLASS = YES_ERROR;
				CLANG_WARN_UNREACHABLE_CODE = YES;
				CLANG_WARN__DUPLICATE_METHOD_MATCH = YES;
				"CODE_SIGN_IDENTITY[sdk=iphoneos*]" = "iPhone Developer";
				COPY_PHASE_STRIP = NO;
				DEBUG_INFORMATION_FORMAT = "dwarf-with-dsym";
				ENABLE_NS_ASSERTIONS = NO;
				ENABLE_STRICT_OBJC_MSGSEND = YES;
				GCC_C_LANGUAGE_STANDARD = gnu99;
				GCC_WARN_64_TO_32_BIT_CONVERSION = YES;
				GCC_WARN_ABOUT_RETURN_TYPE = YES_ERROR;
				GCC_WARN_UNDECLARED_SELECTOR = YES;
				GCC_WARN_UNINITIALIZED_AUTOS = YES_AGGRESSIVE;
				GCC_WARN_UNUSED_FUNCTION = YES;
				GCC_WARN_UNUSED_VARIABLE = YES;
				IPHONEOS_DEPLOYMENT_TARGET = 8.3;
				MTL_ENABLE_DEBUG_INFO = NO;
				SDKROOT = iphoneos;
				TARGETED_DEVICE_FAMILY = "1,2";
				VALIDATE_PRODUCT = YES;
			};
			name = Release;
		};
		7A8814EA1AA366330040075F /* Debug */ = {
			isa = XCBuildConfiguration;
			baseConfigurationReference = 4869B2AD0F0A2B1C7DF9A3FF /* Pods.debug.xcconfig */;
			buildSettings = {
				ASSETCATALOG_COMPILER_APPICON_NAME = AppIcon;
				FRAMEWORK_SEARCH_PATHS = (
					"$(inherited)",
					"$(PROJECT_DIR)",
				);
				HEADER_SEARCH_PATHS = (
					"$(inherited)",
					"$(PROJECT_DIR)",
					"/Applications/Xcode-Beta.app/Contents/Developer/Toolchains/XcodeDefault.xctoolchain/usr/include",
				);
				INFOPLIST_FILE = RLGoogleDirections/Info.plist;
				LD_RUNPATH_SEARCH_PATHS = "$(inherited) @executable_path/Frameworks";
				PRODUCT_NAME = "$(TARGET_NAME)";
				SWIFT_OBJC_BRIDGING_HEADER = "$(SRCROOT)/RLGoogleDirections/RLGoogleDirections-Bridging-Header.h";
			};
			name = Debug;
		};
		7A8814EB1AA366330040075F /* Release */ = {
			isa = XCBuildConfiguration;
			baseConfigurationReference = 49DA4E1F06AF213B837A313E /* Pods.release.xcconfig */;
			buildSettings = {
				ASSETCATALOG_COMPILER_APPICON_NAME = AppIcon;
				FRAMEWORK_SEARCH_PATHS = (
					"$(inherited)",
					"$(PROJECT_DIR)",
				);
				HEADER_SEARCH_PATHS = (
					"$(inherited)",
					"$(PROJECT_DIR)",
					"/Applications/Xcode-Beta.app/Contents/Developer/Toolchains/XcodeDefault.xctoolchain/usr/include",
				);
				INFOPLIST_FILE = RLGoogleDirections/Info.plist;
				LD_RUNPATH_SEARCH_PATHS = "$(inherited) @executable_path/Frameworks";
				PRODUCT_NAME = "$(TARGET_NAME)";
				SWIFT_OBJC_BRIDGING_HEADER = "$(SRCROOT)/RLGoogleDirections/RLGoogleDirections-Bridging-Header.h";
			};
			name = Release;
		};
		7A8814ED1AA366330040075F /* Debug */ = {
			isa = XCBuildConfiguration;
			buildSettings = {
				BUNDLE_LOADER = "$(TEST_HOST)";
				FRAMEWORK_SEARCH_PATHS = (
					"$(SDKROOT)/Developer/Library/Frameworks",
					"$(inherited)",
				);
				GCC_PREPROCESSOR_DEFINITIONS = (
					"DEBUG=1",
					"$(inherited)",
				);
				INFOPLIST_FILE = RLGoogleDirectionsTests/Info.plist;
				LD_RUNPATH_SEARCH_PATHS = "$(inherited) @executable_path/Frameworks @loader_path/Frameworks";
				PRODUCT_NAME = "$(TARGET_NAME)";
				TEST_HOST = "$(BUILT_PRODUCTS_DIR)/RLGoogleDirections.app/RLGoogleDirections";
			};
			name = Debug;
		};
		7A8814EE1AA366330040075F /* Release */ = {
			isa = XCBuildConfiguration;
			buildSettings = {
				BUNDLE_LOADER = "$(TEST_HOST)";
				FRAMEWORK_SEARCH_PATHS = (
					"$(SDKROOT)/Developer/Library/Frameworks",
					"$(inherited)",
				);
				INFOPLIST_FILE = RLGoogleDirectionsTests/Info.plist;
				LD_RUNPATH_SEARCH_PATHS = "$(inherited) @executable_path/Frameworks @loader_path/Frameworks";
				PRODUCT_NAME = "$(TARGET_NAME)";
				TEST_HOST = "$(BUILT_PRODUCTS_DIR)/RLGoogleDirections.app/RLGoogleDirections";
			};
			name = Release;
		};
/* End XCBuildConfiguration section */

/* Begin XCConfigurationList section */
		7A8814C51AA366330040075F /* Build configuration list for PBXProject "RLGoogleDirections" */ = {
			isa = XCConfigurationList;
			buildConfigurations = (
				7A8814E71AA366330040075F /* Debug */,
				7A8814E81AA366330040075F /* Release */,
			);
			defaultConfigurationIsVisible = 0;
			defaultConfigurationName = Release;
		};
		7A8814E91AA366330040075F /* Build configuration list for PBXNativeTarget "RLGoogleDirections" */ = {
			isa = XCConfigurationList;
			buildConfigurations = (
				7A8814EA1AA366330040075F /* Debug */,
				7A8814EB1AA366330040075F /* Release */,
			);
			defaultConfigurationIsVisible = 0;
			defaultConfigurationName = Release;
		};
		7A8814EC1AA366330040075F /* Build configuration list for PBXNativeTarget "RLGoogleDirectionsTests" */ = {
			isa = XCConfigurationList;
			buildConfigurations = (
				7A8814ED1AA366330040075F /* Debug */,
				7A8814EE1AA366330040075F /* Release */,
			);
			defaultConfigurationIsVisible = 0;
			defaultConfigurationName = Release;
		};
/* End XCConfigurationList section */
	};
	rootObject = 7A8814C21AA366330040075F /* Project object */;
}
