// !$*UTF8*$!
{
	archiveVersion = 1;
	classes = {
	};
	objectVersion = 46;
	objects = {

/* Begin PBXBuildFile section */
		7A2CF2941AAA6B8E00A45852 /* AppDelegate.swift in Sources */ = {isa = PBXBuildFile; fileRef = 7A2CF2931AAA6B8E00A45852 /* AppDelegate.swift */; };
		7A2CF2961AAA6B8E00A45852 /* ViewController.swift in Sources */ = {isa = PBXBuildFile; fileRef = 7A2CF2951AAA6B8E00A45852 /* ViewController.swift */; };
		7A2CF2991AAA6B8E00A45852 /* Main.storyboard in Resources */ = {isa = PBXBuildFile; fileRef = 7A2CF2971AAA6B8E00A45852 /* Main.storyboard */; };
		7A2CF29B1AAA6B8E00A45852 /* Images.xcassets in Resources */ = {isa = PBXBuildFile; fileRef = 7A2CF29A1AAA6B8E00A45852 /* Images.xcassets */; };
		7A2CF29E1AAA6B8E00A45852 /* LaunchScreen.xib in Resources */ = {isa = PBXBuildFile; fileRef = 7A2CF29C1AAA6B8E00A45852 /* LaunchScreen.xib */; };
/* End PBXBuildFile section */

/* Begin PBXFileReference section */
		7A2CF28E1AAA6B8E00A45852 /* RLGoogleDirectionsSample.app */ = {isa = PBXFileReference; explicitFileType = wrapper.application; includeInIndex = 0; path = RLGoogleDirectionsSample.app; sourceTree = BUILT_PRODUCTS_DIR; };
		7A2CF2921AAA6B8E00A45852 /* Info.plist */ = {isa = PBXFileReference; lastKnownFileType = text.plist.xml; path = Info.plist; sourceTree = "<group>"; };
		7A2CF2931AAA6B8E00A45852 /* AppDelegate.swift */ = {isa = PBXFileReference; lastKnownFileType = sourcecode.swift; path = AppDelegate.swift; sourceTree = "<group>"; };
		7A2CF2951AAA6B8E00A45852 /* ViewController.swift */ = {isa = PBXFileReference; lastKnownFileType = sourcecode.swift; path = ViewController.swift; sourceTree = "<group>"; };
		7A2CF2981AAA6B8E00A45852 /* Base */ = {isa = PBXFileReference; lastKnownFileType = file.storyboard; name = Base; path = Base.lproj/Main.storyboard; sourceTree = "<group>"; };
		7A2CF29A1AAA6B8E00A45852 /* Images.xcassets */ = {isa = PBXFileReference; lastKnownFileType = folder.assetcatalog; path = Images.xcassets; sourceTree = "<group>"; };
		7A2CF29D1AAA6B8E00A45852 /* Base */ = {isa = PBXFileReference; lastKnownFileType = file.xib; name = Base; path = Base.lproj/LaunchScreen.xib; sourceTree = "<group>"; };
/* End PBXFileReference section */

/* Begin PBXFrameworksBuildPhase section */
		7A2CF28B1AAA6B8E00A45852 /* Frameworks */ = {
			isa = PBXFrameworksBuildPhase;
			buildActionMask = 2147483647;
			files = (
			);
			runOnlyForDeploymentPostprocessing = 0;
		};
/* End PBXFrameworksBuildPhase section */

/* Begin PBXGroup section */
		7A2CF2851AAA6B8E00A45852 = {
			isa = PBXGroup;
			children = (
				7A2CF2901AAA6B8E00A45852 /* RLGoogleDirectionsSample */,
				7A2CF28F1AAA6B8E00A45852 /* Products */,
			);
			sourceTree = "<group>";
		};
		7A2CF28F1AAA6B8E00A45852 /* Products */ = {
			isa = PBXGroup;
			children = (
				7A2CF28E1AAA6B8E00A45852 /* RLGoogleDirectionsSample.app */,
			);
			name = Products;
			sourceTree = "<group>";
		};
		7A2CF2901AAA6B8E00A45852 /* RLGoogleDirectionsSample */ = {
			isa = PBXGroup;
			children = (
				7A2CF2931AAA6B8E00A45852 /* AppDelegate.swift */,
				7A2CF2951AAA6B8E00A45852 /* ViewController.swift */,
				7A2CF2971AAA6B8E00A45852 /* Main.storyboard */,
				7A2CF29A1AAA6B8E00A45852 /* Images.xcassets */,
				7A2CF29C1AAA6B8E00A45852 /* LaunchScreen.xib */,
				7A2CF2911AAA6B8E00A45852 /* Supporting Files */,
			);
			path = RLGoogleDirectionsSample;
			sourceTree = "<group>";
		};
		7A2CF2911AAA6B8E00A45852 /* Supporting Files */ = {
			isa = PBXGroup;
			children = (
				7A2CF2921AAA6B8E00A45852 /* Info.plist */,
			);
			name = "Supporting Files";
			sourceTree = "<group>";
		};
/* End PBXGroup section */

/* Begin PBXNativeTarget section */
		7A2CF28D1AAA6B8E00A45852 /* RLGoogleDirectionsSample */ = {
			isa = PBXNativeTarget;
			buildConfigurationList = 7A2CF2AD1AAA6B8E00A45852 /* Build configuration list for PBXNativeTarget "RLGoogleDirectionsSample" */;
			buildPhases = (
				7A2CF28A1AAA6B8E00A45852 /* Sources */,
				7A2CF28B1AAA6B8E00A45852 /* Frameworks */,
				7A2CF28C1AAA6B8E00A45852 /* Resources */,
			);
			buildRules = (
			);
			dependencies = (
			);
			name = RLGoogleDirectionsSample;
			productName = RLGoogleDirectionsSample;
			productReference = 7A2CF28E1AAA6B8E00A45852 /* RLGoogleDirectionsSample.app */;
			productType = "com.apple.product-type.application";
		};
/* End PBXNativeTarget section */

/* Begin PBXProject section */
		7A2CF2861AAA6B8E00A45852 /* Project object */ = {
			isa = PBXProject;
			attributes = {
				LastUpgradeCheck = 0630;
				ORGANIZATIONNAME = RLT;
				TargetAttributes = {
					7A2CF28D1AAA6B8E00A45852 = {
						CreatedOnToolsVersion = 6.3;
					};
				};
			};
			buildConfigurationList = 7A2CF2891AAA6B8E00A45852 /* Build configuration list for PBXProject "RLGoogleDirectionsSample" */;
			compatibilityVersion = "Xcode 3.2";
			developmentRegion = English;
			hasScannedForEncodings = 0;
			knownRegions = (
				en,
				Base,
			);
			mainGroup = 7A2CF2851AAA6B8E00A45852;
			productRefGroup = 7A2CF28F1AAA6B8E00A45852 /* Products */;
			projectDirPath = "";
			projectRoot = "";
			targets = (
				7A2CF28D1AAA6B8E00A45852 /* RLGoogleDirectionsSample */,
			);
		};
/* End PBXProject section */

/* Begin PBXResourcesBuildPhase section */
		7A2CF28C1AAA6B8E00A45852 /* Resources */ = {
			isa = PBXResourcesBuildPhase;
			buildActionMask = 2147483647;
			files = (
				7A2CF2991AAA6B8E00A45852 /* Main.storyboard in Resources */,
				7A2CF29E1AAA6B8E00A45852 /* LaunchScreen.xib in Resources */,
				7A2CF29B1AAA6B8E00A45852 /* Images.xcassets in Resources */,
			);
			runOnlyForDeploymentPostprocessing = 0;
		};
/* End PBXResourcesBuildPhase section */

/* Begin PBXSourcesBuildPhase section */
		7A2CF28A1AAA6B8E00A45852 /* Sources */ = {
			isa = PBXSourcesBuildPhase;
			buildActionMask = 2147483647;
			files = (
				7A2CF2961AAA6B8E00A45852 /* ViewController.swift in Sources */,
				7A2CF2941AAA6B8E00A45852 /* AppDelegate.swift in Sources */,
			);
			runOnlyForDeploymentPostprocessing = 0;
		};
/* End PBXSourcesBuildPhase section */

/* Begin PBXVariantGroup section */
		7A2CF2971AAA6B8E00A45852 /* Main.storyboard */ = {
			isa = PBXVariantGroup;
			children = (
				7A2CF2981AAA6B8E00A45852 /* Base */,
			);
			name = Main.storyboard;
			sourceTree = "<group>";
		};
		7A2CF29C1AAA6B8E00A45852 /* LaunchScreen.xib */ = {
			isa = PBXVariantGroup;
			children = (
				7A2CF29D1AAA6B8E00A45852 /* Base */,
			);
			name = LaunchScreen.xib;
			sourceTree = "<group>";
		};
/* End PBXVariantGroup section */

/* Begin XCBuildConfiguration section */
		7A2CF2AB1AAA6B8E00A45852 /* Debug */ = {
			isa = XCBuildConfiguration;
			buildSettings = {
				ALWAYS_SEARCH_USER_PATHS = NO;
				CLANG_CXX_LANGUAGE_STANDARD = "gnu++0x";
				CLANG_CXX_LIBRARY = "libc++";
				CLANG_ENABLE_MODULES = YES;
				CLANG_ENABLE_OBJC_ARC = YES;
				CLANG_WARN_BOOL_CONVERSION = YES;
				CLANG_WARN_CONSTANT_CONVERSION = YES;
				CLANG_WARN_DIRECT_OBJC_ISA_USAGE = YES_ERROR;
				CLANG_WARN_EMPTY_BODY = YES;
				CLANG_WARN_ENUM_CONVERSION = YES;
				CLANG_WARN_INT_CONVERSION = YES;
				CLANG_WARN_OBJC_ROOT_CLASS = YES_ERROR;
				CLANG_WARN_UNREACHABLE_CODE = YES;
				CLANG_WARN__DUPLICATE_METHOD_MATCH = YES;
				"CODE_SIGN_IDENTITY[sdk=iphoneos*]" = "iPhone Developer";
				COPY_PHASE_STRIP = NO;
				DEBUG_INFORMATION_FORMAT = dwarf;
				ENABLE_STRICT_OBJC_MSGSEND = YES;
				GCC_C_LANGUAGE_STANDARD = gnu99;
				GCC_DYNAMIC_NO_PIC = NO;
				GCC_OPTIMIZATION_LEVEL = 0;
				GCC_PREPROCESSOR_DEFINITIONS = (
					"DEBUG=1",
					"$(inherited)",
				);
				GCC_SYMBOLS_PRIVATE_EXTERN = NO;
				GCC_WARN_64_TO_32_BIT_CONVERSION = YES;
				GCC_WARN_ABOUT_RETURN_TYPE = YES_ERROR;
				GCC_WARN_UNDECLARED_SELECTOR = YES;
				GCC_WARN_UNINITIALIZED_AUTOS = YES_AGGRESSIVE;
				GCC_WARN_UNUSED_FUNCTION = YES;
				GCC_WARN_UNUSED_VARIABLE = YES;
				IPHONEOS_DEPLOYMENT_TARGET = 8.3;
				MTL_ENABLE_DEBUG_INFO = YES;
				ONLY_ACTIVE_ARCH = YES;
				SDKROOT = iphoneos;
				SWIFT_OPTIMIZATION_LEVEL = "-Onone";
				TARGETED_DEVICE_FAMILY = "1,2";
			};
			name = Debug;
		};
		7A2CF2AC1AAA6B8E00A45852 /* Release */ = {
			isa = XCBuildConfiguration;
			buildSettings = {
				ALWAYS_SEARCH_USER_PATHS = NO;
				CLANG_CXX_LANGUAGE_STANDARD = "gnu++0x";
				CLANG_CXX_LIBRARY = "libc++";
				CLANG_ENABLE_MODULES = YES;
				CLANG_ENABLE_OBJC_ARC = YES;
				CLANG_WARN_BOOL_CONVERSION = YES;
				CLANG_WARN_CONSTANT_CONVERSION = YES;
				CLANG_WARN_DIRECT_OBJC_ISA_USAGE = YES_ERROR;
				CLANG_WARN_EMPTY_BODY = YES;
				CLANG_WARN_ENUM_CONVERSION = YES;
				CLANG_WARN_INT_CONVERSION = YES;
				CLANG_WARN_OBJC_ROOT_CLASS = YES_ERROR;
				CLANG_WARN_UNREACHABLE_CODE = YES;
				CLANG_WARN__DUPLICATE_METHOD_MATCH = YES;
				"CODE_SIGN_IDENTITY[sdk=iphoneos*]" = "iPhone Developer";
				COPY_PHASE_STRIP = NO;
				DEBUG_INFORMATION_FORMAT = "dwarf-with-dsym";
				ENABLE_NS_ASSERTIONS = NO;
				ENABLE_STRICT_OBJC_MSGSEND = YES;
				GCC_C_LANGUAGE_STANDARD = gnu99;
				GCC_WARN_64_TO_32_BIT_CONVERSION = YES;
				GCC_WARN_ABOUT_RETURN_TYPE = YES_ERROR;
				GCC_WARN_UNDECLARED_SELECTOR = YES;
				GCC_WARN_UNINITIALIZED_AUTOS = YES_AGGRESSIVE;
				GCC_WARN_UNUSED_FUNCTION = YES;
				GCC_WARN_UNUSED_VARIABLE = YES;
				IPHONEOS_DEPLOYMENT_TARGET = 8.3;
				MTL_ENABLE_DEBUG_INFO = NO;
				SDKROOT = iphoneos;
				TARGETED_DEVICE_FAMILY = "1,2";
				VALIDATE_PRODUCT = YES;
			};
			name = Release;
		};
		7A2CF2AE1AAA6B8E00A45852 /* Debug */ = {
			isa = XCBuildConfiguration;
			buildSettings = {
				ASSETCATALOG_COMPILER_APPICON_NAME = AppIcon;
				INFOPLIST_FILE = RLGoogleDirectionsSample/Info.plist;
				LD_RUNPATH_SEARCH_PATHS = "$(inherited) @executable_path/Frameworks";
				PRODUCT_NAME = "$(TARGET_NAME)";
			};
			name = Debug;
		};
		7A2CF2AF1AAA6B8E00A45852 /* Release */ = {
			isa = XCBuildConfiguration;
			buildSettings = {
				ASSETCATALOG_COMPILER_APPICON_NAME = AppIcon;
				INFOPLIST_FILE = RLGoogleDirectionsSample/Info.plist;
				LD_RUNPATH_SEARCH_PATHS = "$(inherited) @executable_path/Frameworks";
				PRODUCT_NAME = "$(TARGET_NAME)";
			};
			name = Release;
		};
/* End XCBuildConfiguration section */

/* Begin XCConfigurationList section */
		7A2CF2891AAA6B8E00A45852 /* Build configuration list for PBXProject "RLGoogleDirectionsSample" */ = {
			isa = XCConfigurationList;
			buildConfigurations = (
				7A2CF2AB1AAA6B8E00A45852 /* Debug */,
				7A2CF2AC1AAA6B8E00A45852 /* Release */,
			);
			defaultConfigurationIsVisible = 0;
			defaultConfigurationName = Release;
		};
		7A2CF2AD1AAA6B8E00A45852 /* Build configuration list for PBXNativeTarget "RLGoogleDirectionsSample" */ = {
			isa = XCConfigurationList;
			buildConfigurations = (
				7A2CF2AE1AAA6B8E00A45852 /* Debug */,
				7A2CF2AF1AAA6B8E00A45852 /* Release */,
			);
			defaultConfigurationIsVisible = 0;
		};
/* End XCConfigurationList section */
	};
	rootObject = 7A2CF2861AAA6B8E00A45852 /* Project object */;
}
